
Microsoft Visual Studio Solution File, Format Version 12.00
# Visual Studio 15
Project("{FAE04EC0-301F-11D3-BF4B-00C04F79EFBC}") = "UnityEngine.UI", "UnityEngine.UI.csproj", "{356C6ACF-18F0-403E-2F1A-59967254C9B0}"
EndProject
Project("{FAE04EC0-301F-11D3-BF4B-00C04F79EFBC}") = "Fungus", "Fungus.csproj", "{AE7967F5-4757-2585-F76C-766D105A3D32}"
EndProject
Project("{FAE04EC0-301F-11D3-BF4B-00C04F79EFBC}") = "UnityEngine.TestRunner", "UnityEngine.TestRunner.csproj", "{846C646F-6AD9-02DC-3C13-B030C6C87015}"
EndProject
Project("{FAE04EC0-301F-11D3-BF4B-00C04F79EFBC}") = "Unity.VisualScripting.Flow", "Unity.VisualScripting.Flow.csproj", "{CA95B989-BEE5-7D15-9589-7E36016637F6}"
EndProject
Project("{FAE04EC0-301F-11D3-BF4B-00C04F79EFBC}") = "Unity.Mathematics", "Unity.Mathematics.csproj", "{54314B35-B84C-CC12-A91C-2BA4E7BAAAF2}"
EndProject
Project("{FAE04EC0-301F-11D3-BF4B-00C04F79EFBC}") = "Unity.VisualScripting.State", "Unity.VisualScripting.State.csproj", "{BF0E3268-A749-7585-97BE-713AE685E901}"
EndProject
Project("{FAE04EC0-301F-11D3-BF4B-00C04F79EFBC}") = "Unity.VisualScripting.Core", "Unity.VisualScripting.Core.csproj", "{9B1C0827-0F46-6456-0D62-21E7DBFDE47C}"
EndProject
Project("{FAE04EC0-301F-11D3-BF4B-00C04F79EFBC}") = "Unity.2D.Animation.Runtime", "Unity.2D.Animation.Runtime.csproj", "{F1D4570A-5DEE-04BB-3281-0446E64F9329}"
EndProject
Project("{FAE04EC0-301F-11D3-BF4B-00C04F79EFBC}") = "Unity.TextMeshPro", "Unity.TextMeshPro.csproj", "{472E3852-5A30-5FB5-4C1C-D4F849A70648}"
EndProject
Project("{FAE04EC0-301F-11D3-BF4B-00C04F79EFBC}") = "NavMeshComponentsTestsPlaymode", "NavMeshComponentsTestsPlaymode.csproj", "{88DE9A08-3CF8-9A0B-F170-EAE2864927D7}"
EndProject
Project("{FAE04EC0-301F-11D3-BF4B-00C04F79EFBC}") = "Unity.Timeline", "Unity.Timeline.csproj", "{A326E780-0A9F-8FE3-B173-531A18300315}"
EndProject
Project("{FAE04EC0-301F-11D3-BF4B-00C04F79EFBC}") = "NavMeshPlus", "NavMeshPlus.csproj", "{12B28EA4-134F-2F6B-BAFC-CFC7A3BBBDA6}"
EndProject
Project("{FAE04EC0-301F-11D3-BF4B-00C04F79EFBC}") = "Unity.Burst", "Unity.Burst.csproj", "{18A347B5-1CC0-7A3B-3275-E18553E162BA}"
EndProject
Project("{FAE04EC0-301F-11D3-BF4B-00C04F79EFBC}") = "Unity.2D.SpriteShape.Runtime", "Unity.2D.SpriteShape.Runtime.csproj", "{E1F7F021-5530-AC14-38D9-11BE9BEBD371}"
EndProject
Project("{FAE04EC0-301F-11D3-BF4B-00C04F79EFBC}") = "FungusExamples", "FungusExamples.csproj", "{3D4F1892-9E75-B126-7E59-A7EF2395D70B}"
EndProject
Project("{FAE04EC0-301F-11D3-BF4B-00C04F79EFBC}") = "NavMeshComponentsExamples", "NavMeshComponentsExamples.csproj", "{2DA0B961-E650-A648-0690-7A464CB1E927}"
EndProject
Project("{FAE04EC0-301F-11D3-BF4B-00C04F79EFBC}") = "Unity.2D.PixelPerfect", "Unity.2D.PixelPerfect.csproj", "{0454BF7E-B6A2-E77C-F600-254149F2F454}"
EndProject
Project("{FAE04EC0-301F-11D3-BF4B-00C04F79EFBC}") = "Unity.2D.Common.Runtime", "Unity.2D.Common.Runtime.csproj", "{B9680C1F-06F9-5635-36C8-17DDB2DC7195}"
EndProject
Project("{FAE04EC0-301F-11D3-BF4B-00C04F79EFBC}") = "Unity.2D.IK.Runtime", "Unity.2D.IK.Runtime.csproj", "{5FBC0B26-8CDE-36DC-AE4C-3DBB0AFF1B49}"
EndProject
Project("{FAE04EC0-301F-11D3-BF4B-00C04F79EFBC}") = "Unity.2D.Tilemap.Extras", "Unity.2D.Tilemap.Extras.csproj", "{77B217DE-E400-6C2B-92AA-71FA7E8DE337}"
EndProject
Project("{FAE04EC0-301F-11D3-BF4B-00C04F79EFBC}") = "Unity.InternalAPIEngineBridge.001", "Unity.InternalAPIEngineBridge.001.csproj", "{92AE2AA7-D086-0AD7-2971-C769A8AC44ED}"
EndProject
Project("{FAE04EC0-301F-11D3-BF4B-00C04F79EFBC}") = "NavMeshComponents", "NavMeshComponents.csproj", "{8B9D4F9E-2B73-6589-8F33-AE54B6BE52E9}"
EndProject
Project("{FAE04EC0-301F-11D3-BF4B-00C04F79EFBC}") = "Unity.PlasticSCM.Editor", "Unity.PlasticSCM.Editor.csproj", "{7FD01D97-2254-E15E-A666-ED854CA34E5C}"
EndProject
Project("{FAE04EC0-301F-11D3-BF4B-00C04F79EFBC}") = "Unity.VisualScripting.Core.Editor", "Unity.VisualScripting.Core.Editor.csproj", "{22C2B6EA-91EA-FDE6-D953-676CC4DCB215}"
EndProject
Project("{FAE04EC0-301F-11D3-BF4B-00C04F79EFBC}") = "Unity.VisualScripting.Flow.Editor", "Unity.VisualScripting.Flow.Editor.csproj", "{89AC501F-6F58-684C-873C-F47C20A81657}"
EndProject
Project("{FAE04EC0-301F-11D3-BF4B-00C04F79EFBC}") = "Unity.2D.Aseprite.Editor", "Unity.2D.Aseprite.Editor.csproj", "{82D17AA1-B6FD-7FA6-833A-3CADAF13D430}"
EndProject
Project("{FAE04EC0-301F-11D3-BF4B-00C04F79EFBC}") = "Unity.VisualStudio.Editor", "Unity.VisualStudio.Editor.csproj", "{80B11D5E-06A4-03A0-B4B8-6A015C59DEB7}"
EndProject
Project("{FAE04EC0-301F-11D3-BF4B-00C04F79EFBC}") = "Unity.Timeline.Editor", "Unity.Timeline.Editor.csproj", "{BBC5A64E-25DD-C730-3B4C-CFACBF46A587}"
EndProject
Project("{FAE04EC0-301F-11D3-BF4B-00C04F79EFBC}") = "Unity.Burst.CodeGen", "Unity.Burst.CodeGen.csproj", "{A8A4B9C4-D090-1A59-7FBE-C3869D264DB8}"
EndProject
Project("{FAE04EC0-301F-11D3-BF4B-00C04F79EFBC}") = "Unity.VisualScripting.State.Editor", "Unity.VisualScripting.State.Editor.csproj", "{A21D7DFC-62B8-7DBF-74F9-C74AE4A3F699}"
EndProject
Project("{FAE04EC0-301F-11D3-BF4B-00C04F79EFBC}") = "Unity.TextMeshPro.Editor", "Unity.TextMeshPro.Editor.csproj", "{6C1803F5-F3D9-1E17-BA45-3B45F61CD762}"
EndProject
Project("{FAE04EC0-301F-11D3-BF4B-00C04F79EFBC}") = "Unity.Burst.Editor", "Unity.Burst.Editor.csproj", "{26FE65AB-A8D0-699E-A7F1-482C18E65C21}"
EndProject
Project("{FAE04EC0-301F-11D3-BF4B-00C04F79EFBC}") = "Unity.2D.PixelPerfect.Editor", "Unity.2D.PixelPerfect.Editor.csproj", "{1EC6FD3B-3160-8C8B-EDB1-A9EAC421F7F4}"
EndProject
Project("{FAE04EC0-301F-11D3-BF4B-00C04F79EFBC}") = "Unity.2D.Animation.Editor", "Unity.2D.Animation.Editor.csproj", "{BB1F5E19-B6AD-1593-EBB6-0443707E003F}"
EndProject
Project("{FAE04EC0-301F-11D3-BF4B-00C04F79EFBC}") = "Unity.VisualScripting.SettingsProvider.Editor", "Unity.VisualScripting.SettingsProvider.Editor.csproj", "{256F8D98-8354-9712-9A3C-C3C5C2A67CF6}"
EndProject
Project("{FAE04EC0-301F-11D3-BF4B-00C04F79EFBC}") = "Unity.2D.Psdimporter.Editor", "Unity.2D.Psdimporter.Editor.csproj", "{4E3E8C9B-D5B0-1EC8-3E73-DEE34CAED270}"
EndProject
Project("{FAE04EC0-301F-11D3-BF4B-00C04F79EFBC}") = "UnityEditor.TestRunner", "UnityEditor.TestRunner.csproj", "{EC57FD6F-0CDB-053A-89DD-B1D397F954DF}"
EndProject
Project("{FAE04EC0-301F-11D3-BF4B-00C04F79EFBC}") = "Unity.2D.Tilemap.Editor", "Unity.2D.Tilemap.Editor.csproj", "{F908CE40-FDA6-EA23-2EB0-871DAEE41A3C}"
EndProject
Project("{FAE04EC0-301F-11D3-BF4B-00C04F79EFBC}") = "Unity.Rider.Editor", "Unity.Rider.Editor.csproj", "{EC40F641-9911-8EBD-995A-5C868D79244E}"
EndProject
Project("{FAE04EC0-301F-11D3-BF4B-00C04F79EFBC}") = "Unity.2D.Path.Editor", "Unity.2D.Path.Editor.csproj", "{5BC2CAFE-EB77-586A-1D1E-A00953B1E4D2}"
EndProject
Project("{FAE04EC0-301F-11D3-BF4B-00C04F79EFBC}") = "FungusEditor", "FungusEditor.csproj", "{EC3AE814-939D-1B5A-3F67-083FC286FC61}"
EndProject
Project("{FAE04EC0-301F-11D3-BF4B-00C04F79EFBC}") = "Fungus.FungusLuaJSONCheckerEditor", "Fungus.FungusLuaJSONCheckerEditor.csproj", "{EF7195E1-FFAA-419C-AD06-31C1C347B384}"
EndProject
Project("{FAE04EC0-301F-11D3-BF4B-00C04F79EFBC}") = "PsdPlugin", "PsdPlugin.csproj", "{430D03A0-9BEA-1455-45A9-04BC06D5719B}"
EndProject
Project("{FAE04EC0-301F-11D3-BF4B-00C04F79EFBC}") = "Unity.2D.IK.Editor", "Unity.2D.IK.Editor.csproj", "{33CB770A-69A0-C838-27BE-4450776B79A8}"
EndProject
Project("{FAE04EC0-301F-11D3-BF4B-00C04F79EFBC}") = "Unity.2D.SpriteShape.Editor", "Unity.2D.SpriteShape.Editor.csproj", "{D8060D0A-F72D-C506-6F8C-7CB779B128D7}"
EndProject
Project("{FAE04EC0-301F-11D3-BF4B-00C04F79EFBC}") = "Unity.VSCode.Editor", "Unity.VSCode.Editor.csproj", "{B4ACD587-78B7-ECA7-26A5-E9EA54FB2C91}"
EndProject
Project("{FAE04EC0-301F-11D3-BF4B-00C04F79EFBC}") = "Unity.2D.Sprite.Editor", "Unity.2D.Sprite.Editor.csproj", "{C900A368-1B40-0CDB-681E-95E677E769E4}"
EndProject
Project("{FAE04EC0-301F-11D3-BF4B-00C04F79EFBC}") = "UnityEditor.UI", "UnityEditor.UI.csproj", "{9E6217D0-A924-DCFA-9F13-B51EC23B8A8D}"
EndProject
Project("{FAE04EC0-301F-11D3-BF4B-00C04F79EFBC}") = "Unity.2D.Common.Editor", "Unity.2D.Common.Editor.csproj", "{3A74EFBC-9CAF-F485-C064-56CCD6F696A8}"
EndProject
Project("{FAE04EC0-301F-11D3-BF4B-00C04F79EFBC}") = "Fungus.FungusLuaEditor", "Fungus.FungusLuaEditor.csproj", "{468465AF-F88D-74E5-9A8C-0D3CF50B145C}"
EndProject
Project("{FAE04EC0-301F-11D3-BF4B-00C04F79EFBC}") = "Unity.CollabProxy.Editor", "Unity.CollabProxy.Editor.csproj", "{7C7672D3-703F-8DDE-09F1-AE97E47EA190}"
EndProject
Project("{FAE04EC0-301F-11D3-BF4B-00C04F79EFBC}") = "Unity.Mathematics.Editor", "Unity.Mathematics.Editor.csproj", "{7A3C9A31-8DCD-2D59-FA99-C3463C0DCC7A}"
EndProject
Project("{FAE04EC0-301F-11D3-BF4B-00C04F79EFBC}") = "Unity.InternalAPIEditorBridge.005", "Unity.InternalAPIEditorBridge.005.csproj", "{6E070A10-DDA4-B751-DF9B-D1CB9EAD73E2}"
EndProject
Project("{FAE04EC0-301F-11D3-BF4B-00C04F79EFBC}") = "Unity.2D.Tilemap.Extras.Editor", "Unity.2D.Tilemap.Extras.Editor.csproj", "{308605C4-9A10-21B8-375C-FD4E604794E5}"
EndProject
Project("{FAE04EC0-301F-11D3-BF4B-00C04F79EFBC}") = "NavMeshPlusEditor", "NavMeshPlusEditor.csproj", "{03A9BF7A-D1F5-6D96-C925-FBE80A8160E3}"
EndProject
Project("{FAE04EC0-301F-11D3-BF4B-00C04F79EFBC}") = "Unity.InternalAPIEditorBridge.001", "Unity.InternalAPIEditorBridge.001.csproj", "{0B38F12A-A704-B6ED-1326-08CC23091718}"
EndProject
Project("{FAE04EC0-301F-11D3-BF4B-00C04F79EFBC}") = "NavMeshComponentsTestsEditmode", "NavMeshComponentsTestsEditmode.csproj", "{EA058651-C6B0-CA7B-5BD5-CD5A7FDCAD71}"
EndProject
Project("{FAE04EC0-301F-11D3-BF4B-00C04F79EFBC}") = "Unity.VisualScripting.Shared.Editor", "Unity.VisualScripting.Shared.Editor.csproj", "{A53A2D3C-0B34-9DFA-4033-EF08EA9E986E}"
EndProject
Project("{FAE04EC0-301F-11D3-BF4B-00C04F79EFBC}") = "Unity.2D.Aseprite.Common", "Unity.2D.Aseprite.Common.csproj", "{61F9A1D1-3224-3F2F-B437-88CDF7072260}"
EndProject
Project("{FAE04EC0-301F-11D3-BF4B-00C04F79EFBC}") = "Fungus.UsfxrEditor", "Fungus.UsfxrEditor.csproj", "{F9556114-53F9-1EBD-B74E-4ECA67C32A1A}"
EndProject
Project("{FAE04EC0-301F-11D3-BF4B-00C04F79EFBC}") = "NavMeshComponentsEditor", "NavMeshComponentsEditor.csproj", "{1ADA3A6E-0659-3DC3-AF66-79D8B0647F08}"
EndProject
Project("{FAE04EC0-301F-11D3-BF4B-00C04F79EFBC}") = "Fungus.LineEndingsEditor", "Fungus.LineEndingsEditor.csproj", "{57833917-5EE6-80B7-2F8A-0C3561F19129}"
EndProject
Project("{FAE04EC0-301F-11D3-BF4B-00C04F79EFBC}") = "NavMeshComponentsExamplesEditor", "NavMeshComponentsExamplesEditor.csproj", "{1C6F5942-75C6-E037-A2CE-219F20500535}"
EndProject
Project("{FAE04EC0-301F-11D3-BF4B-00C04F79EFBC}") = "UnityEngine.UI", "UnityEngine.UI.Player.csproj", "{9047F05D-D961-6B67-1182-F5FF4D91EE9F}"
EndProject
Project("{FAE04EC0-301F-11D3-BF4B-00C04F79EFBC}") = "Fungus", "Fungus.Player.csproj", "{622DED6A-B18E-2945-C1EA-750C24D7B5A7}"
EndProject
Project("{FAE04EC0-301F-11D3-BF4B-00C04F79EFBC}") = "UnityEngine.TestRunner", "UnityEngine.TestRunner.Player.csproj", "{BE96776C-EA8F-050C-C2B8-116B0B4891E6}"
EndProject
Project("{FAE04EC0-301F-11D3-BF4B-00C04F79EFBC}") = "Unity.VisualScripting.Flow", "Unity.VisualScripting.Flow.Player.csproj", "{82ECE3BB-6BED-4917-973B-DD6DCDD8F546}"
EndProject
Project("{FAE04EC0-301F-11D3-BF4B-00C04F79EFBC}") = "Unity.Mathematics", "Unity.Mathematics.Player.csproj", "{254202BE-911D-329C-D2A3-E0D1AD9FF942}"
EndProject
Project("{FAE04EC0-301F-11D3-BF4B-00C04F79EFBC}") = "Unity.VisualScripting.State", "Unity.VisualScripting.State.Player.csproj", "{DFCF8607-BFEF-CCC1-F885-CEFA6419E423}"
EndProject
Project("{FAE04EC0-301F-11D3-BF4B-00C04F79EFBC}") = "Unity.VisualScripting.Core", "Unity.VisualScripting.Core.Player.csproj", "{48E06710-1629-57B3-592F-F7B4B4D38821}"
EndProject
Project("{FAE04EC0-301F-11D3-BF4B-00C04F79EFBC}") = "Unity.2D.Animation.Runtime", "Unity.2D.Animation.Runtime.Player.csproj", "{D6FD5CDF-5849-4A03-B326-61C023CF0400}"
EndProject
Project("{FAE04EC0-301F-11D3-BF4B-00C04F79EFBC}") = "Unity.TextMeshPro", "Unity.TextMeshPro.Player.csproj", "{5574E676-E36D-4FB8-E42F-3BB113AA4F40}"
EndProject
Project("{FAE04EC0-301F-11D3-BF4B-00C04F79EFBC}") = "NavMeshComponentsTestsPlaymode", "NavMeshComponentsTestsPlaymode.Player.csproj", "{6EE15A3C-1AB3-F531-DDC5-3EABB6916D34}"
EndProject
Project("{FAE04EC0-301F-11D3-BF4B-00C04F79EFBC}") = "Unity.Timeline", "Unity.Timeline.Player.csproj", "{749DE550-7778-B9CD-6F98-5F2A3FE13227}"
EndProject
Project("{FAE04EC0-301F-11D3-BF4B-00C04F79EFBC}") = "NavMeshPlus", "NavMeshPlus.Player.csproj", "{7C33DCB1-03CA-1FC3-77C9-3D71AD16CF20}"
EndProject
Project("{FAE04EC0-301F-11D3-BF4B-00C04F79EFBC}") = "Unity.Burst", "Unity.Burst.Player.csproj", "{BFD055DD-9C83-BBBB-AD7B-D470C7B954C9}"
EndProject
Project("{FAE04EC0-301F-11D3-BF4B-00C04F79EFBC}") = "Unity.2D.SpriteShape.Runtime", "Unity.2D.SpriteShape.Runtime.Player.csproj", "{C880F2C1-ACC0-AF27-F1CD-EB472BEA36E6}"
EndProject
Project("{FAE04EC0-301F-11D3-BF4B-00C04F79EFBC}") = "FungusExamples", "FungusExamples.Player.csproj", "{DE0B08A8-5AF5-B566-4E35-65B62311F4AB}"
EndProject
Project("{FAE04EC0-301F-11D3-BF4B-00C04F79EFBC}") = "NavMeshComponentsExamples", "NavMeshComponentsExamples.Player.csproj", "{FF7AF796-0162-FF7D-15C5-AD64A05C92DD}"
EndProject
Project("{FAE04EC0-301F-11D3-BF4B-00C04F79EFBC}") = "Unity.2D.PixelPerfect", "Unity.2D.PixelPerfect.Player.csproj", "{93E1D7F7-BA88-F6AD-00B6-DBEBC68EB1CE}"
EndProject
Project("{FAE04EC0-301F-11D3-BF4B-00C04F79EFBC}") = "Unity.2D.Common.Runtime", "Unity.2D.Common.Runtime.Player.csproj", "{2064AC7B-AB17-B019-24CA-7A39C1E0530A}"
EndProject
Project("{FAE04EC0-301F-11D3-BF4B-00C04F79EFBC}") = "Unity.2D.IK.Runtime", "Unity.2D.IK.Runtime.Player.csproj", "{235F1829-B2F7-2BB5-446F-F856DBA090C7}"
EndProject
Project("{FAE04EC0-301F-11D3-BF4B-00C04F79EFBC}") = "Unity.2D.Tilemap.Extras", "Unity.2D.Tilemap.Extras.Player.csproj", "{04A5E7BE-EF99-EDC9-45A7-C2F2872E46EC}"
EndProject
Project("{FAE04EC0-301F-11D3-BF4B-00C04F79EFBC}") = "Unity.InternalAPIEngineBridge.001", "Unity.InternalAPIEngineBridge.001.Player.csproj", "{0233855F-8410-6520-CF97-154F6E3942B7}"
EndProject
Project("{FAE04EC0-301F-11D3-BF4B-00C04F79EFBC}") = "NavMeshComponents", "NavMeshComponents.Player.csproj", "{EA93BFDB-9F34-6121-F8D9-CB8B9328AC72}"
EndProject
Global
	GlobalSection(SolutionConfigurationPlatforms) = preSolution
		Debug|Any CPU = Debug|Any CPU
		Release|Any CPU = Release|Any CPU
	EndGlobalSection
	GlobalSection(ProjectConfigurationPlatforms) = postSolution
		{356C6ACF-18F0-403E-2F1A-59967254C9B0}.Debug|Any CPU.ActiveCfg = Debug|Any CPU
		{356C6ACF-18F0-403E-2F1A-59967254C9B0}.Debug|Any CPU.Build.0 = Debug|Any CPU
		{356C6ACF-18F0-403E-2F1A-59967254C9B0}.Release|Any CPU.ActiveCfg = Release|Any CPU
		{356C6ACF-18F0-403E-2F1A-59967254C9B0}.Release|Any CPU.Build.0 = Release|Any CPU
		{AE7967F5-4757-2585-F76C-766D105A3D32}.Debug|Any CPU.ActiveCfg = Debug|Any CPU
		{AE7967F5-4757-2585-F76C-766D105A3D32}.Debug|Any CPU.Build.0 = Debug|Any CPU
		{AE7967F5-4757-2585-F76C-766D105A3D32}.Release|Any CPU.ActiveCfg = Release|Any CPU
		{AE7967F5-4757-2585-F76C-766D105A3D32}.Release|Any CPU.Build.0 = Release|Any CPU
		{846C646F-6AD9-02DC-3C13-B030C6C87015}.Debug|Any CPU.ActiveCfg = Debug|Any CPU
		{846C646F-6AD9-02DC-3C13-B030C6C87015}.Debug|Any CPU.Build.0 = Debug|Any CPU
		{846C646F-6AD9-02DC-3C13-B030C6C87015}.Release|Any CPU.ActiveCfg = Release|Any CPU
		{846C646F-6AD9-02DC-3C13-B030C6C87015}.Release|Any CPU.Build.0 = Release|Any CPU
		{CA95B989-BEE5-7D15-9589-7E36016637F6}.Debug|Any CPU.ActiveCfg = Debug|Any CPU
		{CA95B989-BEE5-7D15-9589-7E36016637F6}.Debug|Any CPU.Build.0 = Debug|Any CPU
		{CA95B989-BEE5-7D15-9589-7E36016637F6}.Release|Any CPU.ActiveCfg = Release|Any CPU
		{CA95B989-BEE5-7D15-9589-7E36016637F6}.Release|Any CPU.Build.0 = Release|Any CPU
		{54314B35-B84C-CC12-A91C-2BA4E7BAAAF2}.Debug|Any CPU.ActiveCfg = Debug|Any CPU
		{54314B35-B84C-CC12-A91C-2BA4E7BAAAF2}.Debug|Any CPU.Build.0 = Debug|Any CPU
		{54314B35-B84C-CC12-A91C-2BA4E7BAAAF2}.Release|Any CPU.ActiveCfg = Release|Any CPU
		{54314B35-B84C-CC12-A91C-2BA4E7BAAAF2}.Release|Any CPU.Build.0 = Release|Any CPU
		{BF0E3268-A749-7585-97BE-713AE685E901}.Debug|Any CPU.ActiveCfg = Debug|Any CPU
		{BF0E3268-A749-7585-97BE-713AE685E901}.Debug|Any CPU.Build.0 = Debug|Any CPU
		{BF0E3268-A749-7585-97BE-713AE685E901}.Release|Any CPU.ActiveCfg = Release|Any CPU
		{BF0E3268-A749-7585-97BE-713AE685E901}.Release|Any CPU.Build.0 = Release|Any CPU
		{9B1C0827-0F46-6456-0D62-21E7DBFDE47C}.Debug|Any CPU.ActiveCfg = Debug|Any CPU
		{9B1C0827-0F46-6456-0D62-21E7DBFDE47C}.Debug|Any CPU.Build.0 = Debug|Any CPU
		{9B1C0827-0F46-6456-0D62-21E7DBFDE47C}.Release|Any CPU.ActiveCfg = Release|Any CPU
		{9B1C0827-0F46-6456-0D62-21E7DBFDE47C}.Release|Any CPU.Build.0 = Release|Any CPU
		{F1D4570A-5DEE-04BB-3281-0446E64F9329}.Debug|Any CPU.ActiveCfg = Debug|Any CPU
		{F1D4570A-5DEE-04BB-3281-0446E64F9329}.Debug|Any CPU.Build.0 = Debug|Any CPU
		{F1D4570A-5DEE-04BB-3281-0446E64F9329}.Release|Any CPU.ActiveCfg = Release|Any CPU
		{F1D4570A-5DEE-04BB-3281-0446E64F9329}.Release|Any CPU.Build.0 = Release|Any CPU
		{472E3852-5A30-5FB5-4C1C-D4F849A70648}.Debug|Any CPU.ActiveCfg = Debug|Any CPU
		{472E3852-5A30-5FB5-4C1C-D4F849A70648}.Debug|Any CPU.Build.0 = Debug|Any CPU
		{472E3852-5A30-5FB5-4C1C-D4F849A70648}.Release|Any CPU.ActiveCfg = Release|Any CPU
		{472E3852-5A30-5FB5-4C1C-D4F849A70648}.Release|Any CPU.Build.0 = Release|Any CPU
		{88DE9A08-3CF8-9A0B-F170-EAE2864927D7}.Debug|Any CPU.ActiveCfg = Debug|Any CPU
		{88DE9A08-3CF8-9A0B-F170-EAE2864927D7}.Debug|Any CPU.Build.0 = Debug|Any CPU
		{88DE9A08-3CF8-9A0B-F170-EAE2864927D7}.Release|Any CPU.ActiveCfg = Release|Any CPU
		{88DE9A08-3CF8-9A0B-F170-EAE2864927D7}.Release|Any CPU.Build.0 = Release|Any CPU
		{A326E780-0A9F-8FE3-B173-531A18300315}.Debug|Any CPU.ActiveCfg = Debug|Any CPU
		{A326E780-0A9F-8FE3-B173-531A18300315}.Debug|Any CPU.Build.0 = Debug|Any CPU
		{A326E780-0A9F-8FE3-B173-531A18300315}.Release|Any CPU.ActiveCfg = Release|Any CPU
		{A326E780-0A9F-8FE3-B173-531A18300315}.Release|Any CPU.Build.0 = Release|Any CPU
		{12B28EA4-134F-2F6B-BAFC-CFC7A3BBBDA6}.Debug|Any CPU.ActiveCfg = Debug|Any CPU
		{12B28EA4-134F-2F6B-BAFC-CFC7A3BBBDA6}.Debug|Any CPU.Build.0 = Debug|Any CPU
		{12B28EA4-134F-2F6B-BAFC-CFC7A3BBBDA6}.Release|Any CPU.ActiveCfg = Release|Any CPU
		{12B28EA4-134F-2F6B-BAFC-CFC7A3BBBDA6}.Release|Any CPU.Build.0 = Release|Any CPU
		{18A347B5-1CC0-7A3B-3275-E18553E162BA}.Debug|Any CPU.ActiveCfg = Debug|Any CPU
		{18A347B5-1CC0-7A3B-3275-E18553E162BA}.Debug|Any CPU.Build.0 = Debug|Any CPU
		{18A347B5-1CC0-7A3B-3275-E18553E162BA}.Release|Any CPU.ActiveCfg = Release|Any CPU
		{18A347B5-1CC0-7A3B-3275-E18553E162BA}.Release|Any CPU.Build.0 = Release|Any CPU
		{E1F7F021-5530-AC14-38D9-11BE9BEBD371}.Debug|Any CPU.ActiveCfg = Debug|Any CPU
		{E1F7F021-5530-AC14-38D9-11BE9BEBD371}.Debug|Any CPU.Build.0 = Debug|Any CPU
		{E1F7F021-5530-AC14-38D9-11BE9BEBD371}.Release|Any CPU.ActiveCfg = Release|Any CPU
		{E1F7F021-5530-AC14-38D9-11BE9BEBD371}.Release|Any CPU.Build.0 = Release|Any CPU
		{3D4F1892-9E75-B126-7E59-A7EF2395D70B}.Debug|Any CPU.ActiveCfg = Debug|Any CPU
		{3D4F1892-9E75-B126-7E59-A7EF2395D70B}.Debug|Any CPU.Build.0 = Debug|Any CPU
		{3D4F1892-9E75-B126-7E59-A7EF2395D70B}.Release|Any CPU.ActiveCfg = Release|Any CPU
		{3D4F1892-9E75-B126-7E59-A7EF2395D70B}.Release|Any CPU.Build.0 = Release|Any CPU
		{2DA0B961-E650-A648-0690-7A464CB1E927}.Debug|Any CPU.ActiveCfg = Debug|Any CPU
		{2DA0B961-E650-A648-0690-7A464CB1E927}.Debug|Any CPU.Build.0 = Debug|Any CPU
		{2DA0B961-E650-A648-0690-7A464CB1E927}.Release|Any CPU.ActiveCfg = Release|Any CPU
		{2DA0B961-E650-A648-0690-7A464CB1E927}.Release|Any CPU.Build.0 = Release|Any CPU
		{0454BF7E-B6A2-E77C-F600-254149F2F454}.Debug|Any CPU.ActiveCfg = Debug|Any CPU
		{0454BF7E-B6A2-E77C-F600-254149F2F454}.Debug|Any CPU.Build.0 = Debug|Any CPU
		{0454BF7E-B6A2-E77C-F600-254149F2F454}.Release|Any CPU.ActiveCfg = Release|Any CPU
		{0454BF7E-B6A2-E77C-F600-254149F2F454}.Release|Any CPU.Build.0 = Release|Any CPU
		{B9680C1F-06F9-5635-36C8-17DDB2DC7195}.Debug|Any CPU.ActiveCfg = Debug|Any CPU
		{B9680C1F-06F9-5635-36C8-17DDB2DC7195}.Debug|Any CPU.Build.0 = Debug|Any CPU
		{B9680C1F-06F9-5635-36C8-17DDB2DC7195}.Release|Any CPU.ActiveCfg = Release|Any CPU
		{B9680C1F-06F9-5635-36C8-17DDB2DC7195}.Release|Any CPU.Build.0 = Release|Any CPU
		{5FBC0B26-8CDE-36DC-AE4C-3DBB0AFF1B49}.Debug|Any CPU.ActiveCfg = Debug|Any CPU
		{5FBC0B26-8CDE-36DC-AE4C-3DBB0AFF1B49}.Debug|Any CPU.Build.0 = Debug|Any CPU
		{5FBC0B26-8CDE-36DC-AE4C-3DBB0AFF1B49}.Release|Any CPU.ActiveCfg = Release|Any CPU
		{5FBC0B26-8CDE-36DC-AE4C-3DBB0AFF1B49}.Release|Any CPU.Build.0 = Release|Any CPU
		{77B217DE-E400-6C2B-92AA-71FA7E8DE337}.Debug|Any CPU.ActiveCfg = Debug|Any CPU
		{77B217DE-E400-6C2B-92AA-71FA7E8DE337}.Debug|Any CPU.Build.0 = Debug|Any CPU
		{77B217DE-E400-6C2B-92AA-71FA7E8DE337}.Release|Any CPU.ActiveCfg = Release|Any CPU
		{77B217DE-E400-6C2B-92AA-71FA7E8DE337}.Release|Any CPU.Build.0 = Release|Any CPU
		{92AE2AA7-D086-0AD7-2971-C769A8AC44ED}.Debug|Any CPU.ActiveCfg = Debug|Any CPU
		{92AE2AA7-D086-0AD7-2971-C769A8AC44ED}.Debug|Any CPU.Build.0 = Debug|Any CPU
		{92AE2AA7-D086-0AD7-2971-C769A8AC44ED}.Release|Any CPU.ActiveCfg = Release|Any CPU
		{92AE2AA7-D086-0AD7-2971-C769A8AC44ED}.Release|Any CPU.Build.0 = Release|Any CPU
		{8B9D4F9E-2B73-6589-8F33-AE54B6BE52E9}.Debug|Any CPU.ActiveCfg = Debug|Any CPU
		{8B9D4F9E-2B73-6589-8F33-AE54B6BE52E9}.Debug|Any CPU.Build.0 = Debug|Any CPU
		{8B9D4F9E-2B73-6589-8F33-AE54B6BE52E9}.Release|Any CPU.ActiveCfg = Release|Any CPU
		{8B9D4F9E-2B73-6589-8F33-AE54B6BE52E9}.Release|Any CPU.Build.0 = Release|Any CPU
		{7FD01D97-2254-E15E-A666-ED854CA34E5C}.Debug|Any CPU.ActiveCfg = Debug|Any CPU
		{7FD01D97-2254-E15E-A666-ED854CA34E5C}.Debug|Any CPU.Build.0 = Debug|Any CPU
		{7FD01D97-2254-E15E-A666-ED854CA34E5C}.Release|Any CPU.ActiveCfg = Release|Any CPU
		{7FD01D97-2254-E15E-A666-ED854CA34E5C}.Release|Any CPU.Build.0 = Release|Any CPU
		{22C2B6EA-91EA-FDE6-D953-676CC4DCB215}.Debug|Any CPU.ActiveCfg = Debug|Any CPU
		{22C2B6EA-91EA-FDE6-D953-676CC4DCB215}.Debug|Any CPU.Build.0 = Debug|Any CPU
		{22C2B6EA-91EA-FDE6-D953-676CC4DCB215}.Release|Any CPU.ActiveCfg = Release|Any CPU
		{22C2B6EA-91EA-FDE6-D953-676CC4DCB215}.Release|Any CPU.Build.0 = Release|Any CPU
		{89AC501F-6F58-684C-873C-F47C20A81657}.Debug|Any CPU.ActiveCfg = Debug|Any CPU
		{89AC501F-6F58-684C-873C-F47C20A81657}.Debug|Any CPU.Build.0 = Debug|Any CPU
		{89AC501F-6F58-684C-873C-F47C20A81657}.Release|Any CPU.ActiveCfg = Release|Any CPU
		{89AC501F-6F58-684C-873C-F47C20A81657}.Release|Any CPU.Build.0 = Release|Any CPU
		{82D17AA1-B6FD-7FA6-833A-3CADAF13D430}.Debug|Any CPU.ActiveCfg = Debug|Any CPU
		{82D17AA1-B6FD-7FA6-833A-3CADAF13D430}.Debug|Any CPU.Build.0 = Debug|Any CPU
		{82D17AA1-B6FD-7FA6-833A-3CADAF13D430}.Release|Any CPU.ActiveCfg = Release|Any CPU
		{82D17AA1-B6FD-7FA6-833A-3CADAF13D430}.Release|Any CPU.Build.0 = Release|Any CPU
		{80B11D5E-06A4-03A0-B4B8-6A015C59DEB7}.Debug|Any CPU.ActiveCfg = Debug|Any CPU
		{80B11D5E-06A4-03A0-B4B8-6A015C59DEB7}.Debug|Any CPU.Build.0 = Debug|Any CPU
		{80B11D5E-06A4-03A0-B4B8-6A015C59DEB7}.Release|Any CPU.ActiveCfg = Release|Any CPU
		{80B11D5E-06A4-03A0-B4B8-6A015C59DEB7}.Release|Any CPU.Build.0 = Release|Any CPU
		{BBC5A64E-25DD-C730-3B4C-CFACBF46A587}.Debug|Any CPU.ActiveCfg = Debug|Any CPU
		{BBC5A64E-25DD-C730-3B4C-CFACBF46A587}.Debug|Any CPU.Build.0 = Debug|Any CPU
		{BBC5A64E-25DD-C730-3B4C-CFACBF46A587}.Release|Any CPU.ActiveCfg = Release|Any CPU
		{BBC5A64E-25DD-C730-3B4C-CFACBF46A587}.Release|Any CPU.Build.0 = Release|Any CPU
		{A8A4B9C4-D090-1A59-7FBE-C3869D264DB8}.Debug|Any CPU.ActiveCfg = Debug|Any CPU
		{A8A4B9C4-D090-1A59-7FBE-C3869D264DB8}.Debug|Any CPU.Build.0 = Debug|Any CPU
		{A8A4B9C4-D090-1A59-7FBE-C3869D264DB8}.Release|Any CPU.ActiveCfg = Release|Any CPU
		{A8A4B9C4-D090-1A59-7FBE-C3869D264DB8}.Release|Any CPU.Build.0 = Release|Any CPU
		{A21D7DFC-62B8-7DBF-74F9-C74AE4A3F699}.Debug|Any CPU.ActiveCfg = Debug|Any CPU
		{A21D7DFC-62B8-7DBF-74F9-C74AE4A3F699}.Debug|Any CPU.Build.0 = Debug|Any CPU
		{A21D7DFC-62B8-7DBF-74F9-C74AE4A3F699}.Release|Any CPU.ActiveCfg = Release|Any CPU
		{A21D7DFC-62B8-7DBF-74F9-C74AE4A3F699}.Release|Any CPU.Build.0 = Release|Any CPU
		{6C1803F5-F3D9-1E17-BA45-3B45F61CD762}.Debug|Any CPU.ActiveCfg = Debug|Any CPU
		{6C1803F5-F3D9-1E17-BA45-3B45F61CD762}.Debug|Any CPU.Build.0 = Debug|Any CPU
		{6C1803F5-F3D9-1E17-BA45-3B45F61CD762}.Release|Any CPU.ActiveCfg = Release|Any CPU
		{6C1803F5-F3D9-1E17-BA45-3B45F61CD762}.Release|Any CPU.Build.0 = Release|Any CPU
		{26FE65AB-A8D0-699E-A7F1-482C18E65C21}.Debug|Any CPU.ActiveCfg = Debug|Any CPU
		{26FE65AB-A8D0-699E-A7F1-482C18E65C21}.Debug|Any CPU.Build.0 = Debug|Any CPU
		{26FE65AB-A8D0-699E-A7F1-482C18E65C21}.Release|Any CPU.ActiveCfg = Release|Any CPU
		{26FE65AB-A8D0-699E-A7F1-482C18E65C21}.Release|Any CPU.Build.0 = Release|Any CPU
		{1EC6FD3B-3160-8C8B-EDB1-A9EAC421F7F4}.Debug|Any CPU.ActiveCfg = Debug|Any CPU
		{1EC6FD3B-3160-8C8B-EDB1-A9EAC421F7F4}.Debug|Any CPU.Build.0 = Debug|Any CPU
		{1EC6FD3B-3160-8C8B-EDB1-A9EAC421F7F4}.Release|Any CPU.ActiveCfg = Release|Any CPU
		{1EC6FD3B-3160-8C8B-EDB1-A9EAC421F7F4}.Release|Any CPU.Build.0 = Release|Any CPU
		{BB1F5E19-B6AD-1593-EBB6-0443707E003F}.Debug|Any CPU.ActiveCfg = Debug|Any CPU
		{BB1F5E19-B6AD-1593-EBB6-0443707E003F}.Debug|Any CPU.Build.0 = Debug|Any CPU
		{BB1F5E19-B6AD-1593-EBB6-0443707E003F}.Release|Any CPU.ActiveCfg = Release|Any CPU
		{BB1F5E19-B6AD-1593-EBB6-0443707E003F}.Release|Any CPU.Build.0 = Release|Any CPU
		{256F8D98-8354-9712-9A3C-C3C5C2A67CF6}.Debug|Any CPU.ActiveCfg = Debug|Any CPU
		{256F8D98-8354-9712-9A3C-C3C5C2A67CF6}.Debug|Any CPU.Build.0 = Debug|Any CPU
		{256F8D98-8354-9712-9A3C-C3C5C2A67CF6}.Release|Any CPU.ActiveCfg = Release|Any CPU
		{256F8D98-8354-9712-9A3C-C3C5C2A67CF6}.Release|Any CPU.Build.0 = Release|Any CPU
		{4E3E8C9B-D5B0-1EC8-3E73-DEE34CAED270}.Debug|Any CPU.ActiveCfg = Debug|Any CPU
		{4E3E8C9B-D5B0-1EC8-3E73-DEE34CAED270}.Debug|Any CPU.Build.0 = Debug|Any CPU
		{4E3E8C9B-D5B0-1EC8-3E73-DEE34CAED270}.Release|Any CPU.ActiveCfg = Release|Any CPU
		{4E3E8C9B-D5B0-1EC8-3E73-DEE34CAED270}.Release|Any CPU.Build.0 = Release|Any CPU
		{EC57FD6F-0CDB-053A-89DD-B1D397F954DF}.Debug|Any CPU.ActiveCfg = Debug|Any CPU
		{EC57FD6F-0CDB-053A-89DD-B1D397F954DF}.Debug|Any CPU.Build.0 = Debug|Any CPU
		{EC57FD6F-0CDB-053A-89DD-B1D397F954DF}.Release|Any CPU.ActiveCfg = Release|Any CPU
		{EC57FD6F-0CDB-053A-89DD-B1D397F954DF}.Release|Any CPU.Build.0 = Release|Any CPU
		{F908CE40-FDA6-EA23-2EB0-871DAEE41A3C}.Debug|Any CPU.ActiveCfg = Debug|Any CPU
		{F908CE40-FDA6-EA23-2EB0-871DAEE41A3C}.Debug|Any CPU.Build.0 = Debug|Any CPU
		{F908CE40-FDA6-EA23-2EB0-871DAEE41A3C}.Release|Any CPU.ActiveCfg = Release|Any CPU
		{F908CE40-FDA6-EA23-2EB0-871DAEE41A3C}.Release|Any CPU.Build.0 = Release|Any CPU
		{EC40F641-9911-8EBD-995A-5C868D79244E}.Debug|Any CPU.ActiveCfg = Debug|Any CPU
		{EC40F641-9911-8EBD-995A-5C868D79244E}.Debug|Any CPU.Build.0 = Debug|Any CPU
		{EC40F641-9911-8EBD-995A-5C868D79244E}.Release|Any CPU.ActiveCfg = Release|Any CPU
		{EC40F641-9911-8EBD-995A-5C868D79244E}.Release|Any CPU.Build.0 = Release|Any CPU
		{5BC2CAFE-EB77-586A-1D1E-A00953B1E4D2}.Debug|Any CPU.ActiveCfg = Debug|Any CPU
		{5BC2CAFE-EB77-586A-1D1E-A00953B1E4D2}.Debug|Any CPU.Build.0 = Debug|Any CPU
		{5BC2CAFE-EB77-586A-1D1E-A00953B1E4D2}.Release|Any CPU.ActiveCfg = Release|Any CPU
		{5BC2CAFE-EB77-586A-1D1E-A00953B1E4D2}.Release|Any CPU.Build.0 = Release|Any CPU
		{EC3AE814-939D-1B5A-3F67-083FC286FC61}.Debug|Any CPU.ActiveCfg = Debug|Any CPU
		{EC3AE814-939D-1B5A-3F67-083FC286FC61}.Debug|Any CPU.Build.0 = Debug|Any CPU
		{EC3AE814-939D-1B5A-3F67-083FC286FC61}.Release|Any CPU.ActiveCfg = Release|Any CPU
		{EC3AE814-939D-1B5A-3F67-083FC286FC61}.Release|Any CPU.Build.0 = Release|Any CPU
		{EF7195E1-FFAA-419C-AD06-31C1C347B384}.Debug|Any CPU.ActiveCfg = Debug|Any CPU
		{EF7195E1-FFAA-419C-AD06-31C1C347B384}.Debug|Any CPU.Build.0 = Debug|Any CPU
		{EF7195E1-FFAA-419C-AD06-31C1C347B384}.Release|Any CPU.ActiveCfg = Release|Any CPU
		{EF7195E1-FFAA-419C-AD06-31C1C347B384}.Release|Any CPU.Build.0 = Release|Any CPU
		{430D03A0-9BEA-1455-45A9-04BC06D5719B}.Debug|Any CPU.ActiveCfg = Debug|Any CPU
		{430D03A0-9BEA-1455-45A9-04BC06D5719B}.Debug|Any CPU.Build.0 = Debug|Any CPU
		{430D03A0-9BEA-1455-45A9-04BC06D5719B}.Release|Any CPU.ActiveCfg = Release|Any CPU
		{430D03A0-9BEA-1455-45A9-04BC06D5719B}.Release|Any CPU.Build.0 = Release|Any CPU
		{33CB770A-69A0-C838-27BE-4450776B79A8}.Debug|Any CPU.ActiveCfg = Debug|Any CPU
		{33CB770A-69A0-C838-27BE-4450776B79A8}.Debug|Any CPU.Build.0 = Debug|Any CPU
		{33CB770A-69A0-C838-27BE-4450776B79A8}.Release|Any CPU.ActiveCfg = Release|Any CPU
		{33CB770A-69A0-C838-27BE-4450776B79A8}.Release|Any CPU.Build.0 = Release|Any CPU
		{D8060D0A-F72D-C506-6F8C-7CB779B128D7}.Debug|Any CPU.ActiveCfg = Debug|Any CPU
		{D8060D0A-F72D-C506-6F8C-7CB779B128D7}.Debug|Any CPU.Build.0 = Debug|Any CPU
		{D8060D0A-F72D-C506-6F8C-7CB779B128D7}.Release|Any CPU.ActiveCfg = Release|Any CPU
		{D8060D0A-F72D-C506-6F8C-7CB779B128D7}.Release|Any CPU.Build.0 = Release|Any CPU
		{B4ACD587-78B7-ECA7-26A5-E9EA54FB2C91}.Debug|Any CPU.ActiveCfg = Debug|Any CPU
		{B4ACD587-78B7-ECA7-26A5-E9EA54FB2C91}.Debug|Any CPU.Build.0 = Debug|Any CPU
		{B4ACD587-78B7-ECA7-26A5-E9EA54FB2C91}.Release|Any CPU.ActiveCfg = Release|Any CPU
		{B4ACD587-78B7-ECA7-26A5-E9EA54FB2C91}.Release|Any CPU.Build.0 = Release|Any CPU
		{C900A368-1B40-0CDB-681E-95E677E769E4}.Debug|Any CPU.ActiveCfg = Debug|Any CPU
		{C900A368-1B40-0CDB-681E-95E677E769E4}.Debug|Any CPU.Build.0 = Debug|Any CPU
		{C900A368-1B40-0CDB-681E-95E677E769E4}.Release|Any CPU.ActiveCfg = Release|Any CPU
		{C900A368-1B40-0CDB-681E-95E677E769E4}.Release|Any CPU.Build.0 = Release|Any CPU
		{9E6217D0-A924-DCFA-9F13-B51EC23B8A8D}.Debug|Any CPU.ActiveCfg = Debug|Any CPU
		{9E6217D0-A924-DCFA-9F13-B51EC23B8A8D}.Debug|Any CPU.Build.0 = Debug|Any CPU
		{9E6217D0-A924-DCFA-9F13-B51EC23B8A8D}.Release|Any CPU.ActiveCfg = Release|Any CPU
		{9E6217D0-A924-DCFA-9F13-B51EC23B8A8D}.Release|Any CPU.Build.0 = Release|Any CPU
		{3A74EFBC-9CAF-F485-C064-56CCD6F696A8}.Debug|Any CPU.ActiveCfg = Debug|Any CPU
		{3A74EFBC-9CAF-F485-C064-56CCD6F696A8}.Debug|Any CPU.Build.0 = Debug|Any CPU
		{3A74EFBC-9CAF-F485-C064-56CCD6F696A8}.Release|Any CPU.ActiveCfg = Release|Any CPU
		{3A74EFBC-9CAF-F485-C064-56CCD6F696A8}.Release|Any CPU.Build.0 = Release|Any CPU
		{468465AF-F88D-74E5-9A8C-0D3CF50B145C}.Debug|Any CPU.ActiveCfg = Debug|Any CPU
		{468465AF-F88D-74E5-9A8C-0D3CF50B145C}.Debug|Any CPU.Build.0 = Debug|Any CPU
		{468465AF-F88D-74E5-9A8C-0D3CF50B145C}.Release|Any CPU.ActiveCfg = Release|Any CPU
		{468465AF-F88D-74E5-9A8C-0D3CF50B145C}.Release|Any CPU.Build.0 = Release|Any CPU
		{7C7672D3-703F-8DDE-09F1-AE97E47EA190}.Debug|Any CPU.ActiveCfg = Debug|Any CPU
		{7C7672D3-703F-8DDE-09F1-AE97E47EA190}.Debug|Any CPU.Build.0 = Debug|Any CPU
		{7C7672D3-703F-8DDE-09F1-AE97E47EA190}.Release|Any CPU.ActiveCfg = Release|Any CPU
		{7C7672D3-703F-8DDE-09F1-AE97E47EA190}.Release|Any CPU.Build.0 = Release|Any CPU
		{7A3C9A31-8DCD-2D59-FA99-C3463C0DCC7A}.Debug|Any CPU.ActiveCfg = Debug|Any CPU
		{7A3C9A31-8DCD-2D59-FA99-C3463C0DCC7A}.Debug|Any CPU.Build.0 = Debug|Any CPU
		{7A3C9A31-8DCD-2D59-FA99-C3463C0DCC7A}.Release|Any CPU.ActiveCfg = Release|Any CPU
		{7A3C9A31-8DCD-2D59-FA99-C3463C0DCC7A}.Release|Any CPU.Build.0 = Release|Any CPU
		{6E070A10-DDA4-B751-DF9B-D1CB9EAD73E2}.Debug|Any CPU.ActiveCfg = Debug|Any CPU
		{6E070A10-DDA4-B751-DF9B-D1CB9EAD73E2}.Debug|Any CPU.Build.0 = Debug|Any CPU
		{6E070A10-DDA4-B751-DF9B-D1CB9EAD73E2}.Release|Any CPU.ActiveCfg = Release|Any CPU
		{6E070A10-DDA4-B751-DF9B-D1CB9EAD73E2}.Release|Any CPU.Build.0 = Release|Any CPU
		{308605C4-9A10-21B8-375C-FD4E604794E5}.Debug|Any CPU.ActiveCfg = Debug|Any CPU
		{308605C4-9A10-21B8-375C-FD4E604794E5}.Debug|Any CPU.Build.0 = Debug|Any CPU
		{308605C4-9A10-21B8-375C-FD4E604794E5}.Release|Any CPU.ActiveCfg = Release|Any CPU
		{308605C4-9A10-21B8-375C-FD4E604794E5}.Release|Any CPU.Build.0 = Release|Any CPU
		{03A9BF7A-D1F5-6D96-C925-FBE80A8160E3}.Debug|Any CPU.ActiveCfg = Debug|Any CPU
		{03A9BF7A-D1F5-6D96-C925-FBE80A8160E3}.Debug|Any CPU.Build.0 = Debug|Any CPU
		{03A9BF7A-D1F5-6D96-C925-FBE80A8160E3}.Release|Any CPU.ActiveCfg = Release|Any CPU
		{03A9BF7A-D1F5-6D96-C925-FBE80A8160E3}.Release|Any CPU.Build.0 = Release|Any CPU
		{0B38F12A-A704-B6ED-1326-08CC23091718}.Debug|Any CPU.ActiveCfg = Debug|Any CPU
		{0B38F12A-A704-B6ED-1326-08CC23091718}.Debug|Any CPU.Build.0 = Debug|Any CPU
		{0B38F12A-A704-B6ED-1326-08CC23091718}.Release|Any CPU.ActiveCfg = Release|Any CPU
		{0B38F12A-A704-B6ED-1326-08CC23091718}.Release|Any CPU.Build.0 = Release|Any CPU
		{EA058651-C6B0-CA7B-5BD5-CD5A7FDCAD71}.Debug|Any CPU.ActiveCfg = Debug|Any CPU
		{EA058651-C6B0-CA7B-5BD5-CD5A7FDCAD71}.Debug|Any CPU.Build.0 = Debug|Any CPU
		{EA058651-C6B0-CA7B-5BD5-CD5A7FDCAD71}.Release|Any CPU.ActiveCfg = Release|Any CPU
		{EA058651-C6B0-CA7B-5BD5-CD5A7FDCAD71}.Release|Any CPU.Build.0 = Release|Any CPU
		{A53A2D3C-0B34-9DFA-4033-EF08EA9E986E}.Debug|Any CPU.ActiveCfg = Debug|Any CPU
		{A53A2D3C-0B34-9DFA-4033-EF08EA9E986E}.Debug|Any CPU.Build.0 = Debug|Any CPU
		{A53A2D3C-0B34-9DFA-4033-EF08EA9E986E}.Release|Any CPU.ActiveCfg = Release|Any CPU
		{A53A2D3C-0B34-9DFA-4033-EF08EA9E986E}.Release|Any CPU.Build.0 = Release|Any CPU
		{61F9A1D1-3224-3F2F-B437-88CDF7072260}.Debug|Any CPU.ActiveCfg = Debug|Any CPU
		{61F9A1D1-3224-3F2F-B437-88CDF7072260}.Debug|Any CPU.Build.0 = Debug|Any CPU
		{61F9A1D1-3224-3F2F-B437-88CDF7072260}.Release|Any CPU.ActiveCfg = Release|Any CPU
		{61F9A1D1-3224-3F2F-B437-88CDF7072260}.Release|Any CPU.Build.0 = Release|Any CPU
		{F9556114-53F9-1EBD-B74E-4ECA67C32A1A}.Debug|Any CPU.ActiveCfg = Debug|Any CPU
		{F9556114-53F9-1EBD-B74E-4ECA67C32A1A}.Debug|Any CPU.Build.0 = Debug|Any CPU
		{F9556114-53F9-1EBD-B74E-4ECA67C32A1A}.Release|Any CPU.ActiveCfg = Release|Any CPU
		{F9556114-53F9-1EBD-B74E-4ECA67C32A1A}.Release|Any CPU.Build.0 = Release|Any CPU
		{1ADA3A6E-0659-3DC3-AF66-79D8B0647F08}.Debug|Any CPU.ActiveCfg = Debug|Any CPU
		{1ADA3A6E-0659-3DC3-AF66-79D8B0647F08}.Debug|Any CPU.Build.0 = Debug|Any CPU
		{1ADA3A6E-0659-3DC3-AF66-79D8B0647F08}.Release|Any CPU.ActiveCfg = Release|Any CPU
		{1ADA3A6E-0659-3DC3-AF66-79D8B0647F08}.Release|Any CPU.Build.0 = Release|Any CPU
		{57833917-5EE6-80B7-2F8A-0C3561F19129}.Debug|Any CPU.ActiveCfg = Debug|Any CPU
		{57833917-5EE6-80B7-2F8A-0C3561F19129}.Debug|Any CPU.Build.0 = Debug|Any CPU
		{57833917-5EE6-80B7-2F8A-0C3561F19129}.Release|Any CPU.ActiveCfg = Release|Any CPU
		{57833917-5EE6-80B7-2F8A-0C3561F19129}.Release|Any CPU.Build.0 = Release|Any CPU
		{1C6F5942-75C6-E037-A2CE-219F20500535}.Debug|Any CPU.ActiveCfg = Debug|Any CPU
		{1C6F5942-75C6-E037-A2CE-219F20500535}.Debug|Any CPU.Build.0 = Debug|Any CPU
		{1C6F5942-75C6-E037-A2CE-219F20500535}.Release|Any CPU.ActiveCfg = Release|Any CPU
		{1C6F5942-75C6-E037-A2CE-219F20500535}.Release|Any CPU.Build.0 = Release|Any CPU
		{9047F05D-D961-6B67-1182-F5FF4D91EE9F}.Debug|Any CPU.ActiveCfg = Debug|Any CPU
		{9047F05D-D961-6B67-1182-F5FF4D91EE9F}.Debug|Any CPU.Build.0 = Debug|Any CPU
		{9047F05D-D961-6B67-1182-F5FF4D91EE9F}.Release|Any CPU.ActiveCfg = Release|Any CPU
		{9047F05D-D961-6B67-1182-F5FF4D91EE9F}.Release|Any CPU.Build.0 = Release|Any CPU
		{622DED6A-B18E-2945-C1EA-750C24D7B5A7}.Debug|Any CPU.ActiveCfg = Debug|Any CPU
		{622DED6A-B18E-2945-C1EA-750C24D7B5A7}.Debug|Any CPU.Build.0 = Debug|Any CPU
		{622DED6A-B18E-2945-C1EA-750C24D7B5A7}.Release|Any CPU.ActiveCfg = Release|Any CPU
		{622DED6A-B18E-2945-C1EA-750C24D7B5A7}.Release|Any CPU.Build.0 = Release|Any CPU
		{BE96776C-EA8F-050C-C2B8-116B0B4891E6}.Debug|Any CPU.ActiveCfg = Debug|Any CPU
		{BE96776C-EA8F-050C-C2B8-116B0B4891E6}.Debug|Any CPU.Build.0 = Debug|Any CPU
		{BE96776C-EA8F-050C-C2B8-116B0B4891E6}.Release|Any CPU.ActiveCfg = Release|Any CPU
		{BE96776C-EA8F-050C-C2B8-116B0B4891E6}.Release|Any CPU.Build.0 = Release|Any CPU
		{82ECE3BB-6BED-4917-973B-DD6DCDD8F546}.Debug|Any CPU.ActiveCfg = Debug|Any CPU
		{82ECE3BB-6BED-4917-973B-DD6DCDD8F546}.Debug|Any CPU.Build.0 = Debug|Any CPU
		{82ECE3BB-6BED-4917-973B-DD6DCDD8F546}.Release|Any CPU.ActiveCfg = Release|Any CPU
		{82ECE3BB-6BED-4917-973B-DD6DCDD8F546}.Release|Any CPU.Build.0 = Release|Any CPU
		{254202BE-911D-329C-D2A3-E0D1AD9FF942}.Debug|Any CPU.ActiveCfg = Debug|Any CPU
		{254202BE-911D-329C-D2A3-E0D1AD9FF942}.Debug|Any CPU.Build.0 = Debug|Any CPU
		{254202BE-911D-329C-D2A3-E0D1AD9FF942}.Release|Any CPU.ActiveCfg = Release|Any CPU
		{254202BE-911D-329C-D2A3-E0D1AD9FF942}.Release|Any CPU.Build.0 = Release|Any CPU
		{DFCF8607-BFEF-CCC1-F885-CEFA6419E423}.Debug|Any CPU.ActiveCfg = Debug|Any CPU
		{DFCF8607-BFEF-CCC1-F885-CEFA6419E423}.Debug|Any CPU.Build.0 = Debug|Any CPU
		{DFCF8607-BFEF-CCC1-F885-CEFA6419E423}.Release|Any CPU.ActiveCfg = Release|Any CPU
		{DFCF8607-BFEF-CCC1-F885-CEFA6419E423}.Release|Any CPU.Build.0 = Release|Any CPU
		{48E06710-1629-57B3-592F-F7B4B4D38821}.Debug|Any CPU.ActiveCfg = Debug|Any CPU
		{48E06710-1629-57B3-592F-F7B4B4D38821}.Debug|Any CPU.Build.0 = Debug|Any CPU
		{48E06710-1629-57B3-592F-F7B4B4D38821}.Release|Any CPU.ActiveCfg = Release|Any CPU
		{48E06710-1629-57B3-592F-F7B4B4D38821}.Release|Any CPU.Build.0 = Release|Any CPU
		{D6FD5CDF-5849-4A03-B326-61C023CF0400}.Debug|Any CPU.ActiveCfg = Debug|Any CPU
		{D6FD5CDF-5849-4A03-B326-61C023CF0400}.Debug|Any CPU.Build.0 = Debug|Any CPU
		{D6FD5CDF-5849-4A03-B326-61C023CF0400}.Release|Any CPU.ActiveCfg = Release|Any CPU
		{D6FD5CDF-5849-4A03-B326-61C023CF0400}.Release|Any CPU.Build.0 = Release|Any CPU
		{5574E676-E36D-4FB8-E42F-3BB113AA4F40}.Debug|Any CPU.ActiveCfg = Debug|Any CPU
		{5574E676-E36D-4FB8-E42F-3BB113AA4F40}.Debug|Any CPU.Build.0 = Debug|Any CPU
		{5574E676-E36D-4FB8-E42F-3BB113AA4F40}.Release|Any CPU.ActiveCfg = Release|Any CPU
		{5574E676-E36D-4FB8-E42F-3BB113AA4F40}.Release|Any CPU.Build.0 = Release|Any CPU
		{6EE15A3C-1AB3-F531-DDC5-3EABB6916D34}.Debug|Any CPU.ActiveCfg = Debug|Any CPU
		{6EE15A3C-1AB3-F531-DDC5-3EABB6916D34}.Debug|Any CPU.Build.0 = Debug|Any CPU
		{6EE15A3C-1AB3-F531-DDC5-3EABB6916D34}.Release|Any CPU.ActiveCfg = Release|Any CPU
		{6EE15A3C-1AB3-F531-DDC5-3EABB6916D34}.Release|Any CPU.Build.0 = Release|Any CPU
		{749DE550-7778-B9CD-6F98-5F2A3FE13227}.Debug|Any CPU.ActiveCfg = Debug|Any CPU
		{749DE550-7778-B9CD-6F98-5F2A3FE13227}.Debug|Any CPU.Build.0 = Debug|Any CPU
		{749DE550-7778-B9CD-6F98-5F2A3FE13227}.Release|Any CPU.ActiveCfg = Release|Any CPU
		{749DE550-7778-B9CD-6F98-5F2A3FE13227}.Release|Any CPU.Build.0 = Release|Any CPU
		{7C33DCB1-03CA-1FC3-77C9-3D71AD16CF20}.Debug|Any CPU.ActiveCfg = Debug|Any CPU
		{7C33DCB1-03CA-1FC3-77C9-3D71AD16CF20}.Debug|Any CPU.Build.0 = Debug|Any CPU
		{7C33DCB1-03CA-1FC3-77C9-3D71AD16CF20}.Release|Any CPU.ActiveCfg = Release|Any CPU
		{7C33DCB1-03CA-1FC3-77C9-3D71AD16CF20}.Release|Any CPU.Build.0 = Release|Any CPU
		{BFD055DD-9C83-BBBB-AD7B-D470C7B954C9}.Debug|Any CPU.ActiveCfg = Debug|Any CPU
		{BFD055DD-9C83-BBBB-AD7B-D470C7B954C9}.Debug|Any CPU.Build.0 = Debug|Any CPU
		{BFD055DD-9C83-BBBB-AD7B-D470C7B954C9}.Release|Any CPU.ActiveCfg = Release|Any CPU
		{BFD055DD-9C83-BBBB-AD7B-D470C7B954C9}.Release|Any CPU.Build.0 = Release|Any CPU
		{C880F2C1-ACC0-AF27-F1CD-EB472BEA36E6}.Debug|Any CPU.ActiveCfg = Debug|Any CPU
		{C880F2C1-ACC0-AF27-F1CD-EB472BEA36E6}.Debug|Any CPU.Build.0 = Debug|Any CPU
		{C880F2C1-ACC0-AF27-F1CD-EB472BEA36E6}.Release|Any CPU.ActiveCfg = Release|Any CPU
		{C880F2C1-ACC0-AF27-F1CD-EB472BEA36E6}.Release|Any CPU.Build.0 = Release|Any CPU
		{DE0B08A8-5AF5-B566-4E35-65B62311F4AB}.Debug|Any CPU.ActiveCfg = Debug|Any CPU
		{DE0B08A8-5AF5-B566-4E35-65B62311F4AB}.Debug|Any CPU.Build.0 = Debug|Any CPU
		{DE0B08A8-5AF5-B566-4E35-65B62311F4AB}.Release|Any CPU.ActiveCfg = Release|Any CPU
		{DE0B08A8-5AF5-B566-4E35-65B62311F4AB}.Release|Any CPU.Build.0 = Release|Any CPU
		{FF7AF796-0162-FF7D-15C5-AD64A05C92DD}.Debug|Any CPU.ActiveCfg = Debug|Any CPU
		{FF7AF796-0162-FF7D-15C5-AD64A05C92DD}.Debug|Any CPU.Build.0 = Debug|Any CPU
		{FF7AF796-0162-FF7D-15C5-AD64A05C92DD}.Release|Any CPU.ActiveCfg = Release|Any CPU
		{FF7AF796-0162-FF7D-15C5-AD64A05C92DD}.Release|Any CPU.Build.0 = Release|Any CPU
		{93E1D7F7-BA88-F6AD-00B6-DBEBC68EB1CE}.Debug|Any CPU.ActiveCfg = Debug|Any CPU
		{93E1D7F7-BA88-F6AD-00B6-DBEBC68EB1CE}.Debug|Any CPU.Build.0 = Debug|Any CPU
		{93E1D7F7-BA88-F6AD-00B6-DBEBC68EB1CE}.Release|Any CPU.ActiveCfg = Release|Any CPU
		{93E1D7F7-BA88-F6AD-00B6-DBEBC68EB1CE}.Release|Any CPU.Build.0 = Release|Any CPU
		{2064AC7B-AB17-B019-24CA-7A39C1E0530A}.Debug|Any CPU.ActiveCfg = Debug|Any CPU
		{2064AC7B-AB17-B019-24CA-7A39C1E0530A}.Debug|Any CPU.Build.0 = Debug|Any CPU
		{2064AC7B-AB17-B019-24CA-7A39C1E0530A}.Release|Any CPU.ActiveCfg = Release|Any CPU
		{2064AC7B-AB17-B019-24CA-7A39C1E0530A}.Release|Any CPU.Build.0 = Release|Any CPU
		{235F1829-B2F7-2BB5-446F-F856DBA090C7}.Debug|Any CPU.ActiveCfg = Debug|Any CPU
		{235F1829-B2F7-2BB5-446F-F856DBA090C7}.Debug|Any CPU.Build.0 = Debug|Any CPU
		{235F1829-B2F7-2BB5-446F-F856DBA090C7}.Release|Any CPU.ActiveCfg = Release|Any CPU
		{235F1829-B2F7-2BB5-446F-F856DBA090C7}.Release|Any CPU.Build.0 = Release|Any CPU
		{04A5E7BE-EF99-EDC9-45A7-C2F2872E46EC}.Debug|Any CPU.ActiveCfg = Debug|Any CPU
		{04A5E7BE-EF99-EDC9-45A7-C2F2872E46EC}.Debug|Any CPU.Build.0 = Debug|Any CPU
		{04A5E7BE-EF99-EDC9-45A7-C2F2872E46EC}.Release|Any CPU.ActiveCfg = Release|Any CPU
		{04A5E7BE-EF99-EDC9-45A7-C2F2872E46EC}.Release|Any CPU.Build.0 = Release|Any CPU
		{0233855F-8410-6520-CF97-154F6E3942B7}.Debug|Any CPU.ActiveCfg = Debug|Any CPU
		{0233855F-8410-6520-CF97-154F6E3942B7}.Debug|Any CPU.Build.0 = Debug|Any CPU
		{0233855F-8410-6520-CF97-154F6E3942B7}.Release|Any CPU.ActiveCfg = Release|Any CPU
		{0233855F-8410-6520-CF97-154F6E3942B7}.Release|Any CPU.Build.0 = Release|Any CPU
		{EA93BFDB-9F34-6121-F8D9-CB8B9328AC72}.Debug|Any CPU.ActiveCfg = Debug|Any CPU
		{EA93BFDB-9F34-6121-F8D9-CB8B9328AC72}.Debug|Any CPU.Build.0 = Debug|Any CPU
		{EA93BFDB-9F34-6121-F8D9-CB8B9328AC72}.Release|Any CPU.ActiveCfg = Release|Any CPU
		{EA93BFDB-9F34-6121-F8D9-CB8B9328AC72}.Release|Any CPU.Build.0 = Release|Any CPU
	EndGlobalSection
	GlobalSection(SolutionProperties) = preSolution
		HideSolutionNode = FALSE
	EndGlobalSection
EndGlobal
