
Microsoft Visual Studio Solution File, Format Version 12.00
# Visual Studio 15
Project("{FAE04EC0-301F-11D3-BF4B-00C04F79EFBC}") = "UnityEngine.UI", "UnityEngine.UI.csproj", "{82928A6D-1D7B-C525-AD54-7225EABFE3AF}"
EndProject
Project("{FAE04EC0-301F-11D3-BF4B-00C04F79EFBC}") = "Fungus", "Fungus.csproj", "{F1DD1F79-4776-8DD7-47C8-81458AE606A7}"
EndProject
Project("{FAE04EC0-301F-11D3-BF4B-00C04F79EFBC}") = "UnityEngine.TestRunner", "UnityEngine.TestRunner.csproj", "{45A99669-C780-3E46-7E8F-572689080DFB}"
EndProject
Project("{FAE04EC0-301F-11D3-BF4B-00C04F79EFBC}") = "Unity.VisualScripting.Flow", "Unity.VisualScripting.Flow.csproj", "{386E0336-1638-3905-6AE7-DAF74A1D65BF}"
EndProject
Project("{FAE04EC0-301F-11D3-BF4B-00C04F79EFBC}") = "Unity.Mathematics", "Unity.Mathematics.csproj", "{828A5AF9-26AC-B9B5-599A-4FA82D424349}"
EndProject
Project("{FAE04EC0-301F-11D3-BF4B-00C04F79EFBC}") = "Unity.VisualScripting.State", "Unity.VisualScripting.State.csproj", "{632B0995-6DEF-D68F-5F48-E94A13824A83}"
EndProject
Project("{FAE04EC0-301F-11D3-BF4B-00C04F79EFBC}") = "Unity.VisualScripting.Core", "Unity.VisualScripting.Core.csproj", "{5285EC19-BD99-CE82-52BC-94C844A514A2}"
EndProject
Project("{FAE04EC0-301F-11D3-BF4B-00C04F79EFBC}") = "Unity.2D.Animation.Runtime", "Unity.2D.Animation.Runtime.csproj", "{3F3F1141-36F9-434C-3639-A1CAADF01EFA}"
EndProject
Project("{FAE04EC0-301F-11D3-BF4B-00C04F79EFBC}") = "Unity.TextMeshPro", "Unity.TextMeshPro.csproj", "{BC5AA071-BA95-3434-A2EC-B6087FD31DC3}"
EndProject
Project("{FAE04EC0-301F-11D3-BF4B-00C04F79EFBC}") = "NavMeshComponentsTestsPlaymode", "NavMeshComponentsTestsPlaymode.csproj", "{A2F9F851-9A69-9AC3-04D8-1E7CC000A0B3}"
EndProject
Project("{FAE04EC0-301F-11D3-BF4B-00C04F79EFBC}") = "Unity.Timeline", "Unity.Timeline.csproj", "{B4C64479-6D65-0292-72DB-412C5BEE76F8}"
EndProject
Project("{FAE04EC0-301F-11D3-BF4B-00C04F79EFBC}") = "NavMeshPlus", "NavMeshPlus.csproj", "{4EAA8B51-EB6A-16E8-84CA-35250F349958}"
EndProject
Project("{FAE04EC0-301F-11D3-BF4B-00C04F79EFBC}") = "Unity.Burst", "Unity.Burst.csproj", "{240EEE82-2358-92FD-53A1-E7ACD4D33576}"
EndProject
Project("{FAE04EC0-301F-11D3-BF4B-00C04F79EFBC}") = "Unity.2D.SpriteShape.Runtime", "Unity.2D.SpriteShape.Runtime.csproj", "{F2E6C816-AC5C-FED0-96FE-03AAC2759273}"
EndProject
Project("{FAE04EC0-301F-11D3-BF4B-00C04F79EFBC}") = "FungusExamples", "FungusExamples.csproj", "{BB32E46B-D2AE-2DD5-ECE7-6585CD2013EF}"
EndProject
Project("{FAE04EC0-301F-11D3-BF4B-00C04F79EFBC}") = "NavMeshComponentsExamples", "NavMeshComponentsExamples.csproj", "{7455B639-9BAC-D7F6-454D-89E63C47E0F4}"
EndProject
Project("{FAE04EC0-301F-11D3-BF4B-00C04F79EFBC}") = "Unity.2D.PixelPerfect", "Unity.2D.PixelPerfect.csproj", "{0B2A598A-3A84-23FC-961C-0C95F7FFE572}"
EndProject
Project("{FAE04EC0-301F-11D3-BF4B-00C04F79EFBC}") = "Unity.2D.Common.Runtime", "Unity.2D.Common.Runtime.csproj", "{8C736590-4B5F-19DD-6580-BEB457119049}"
EndProject
Project("{FAE04EC0-301F-11D3-BF4B-00C04F79EFBC}") = "Unity.2D.IK.Runtime", "Unity.2D.IK.Runtime.csproj", "{7C1CF713-D06F-A2D3-C683-DFA5C71B126C}"
EndProject
Project("{FAE04EC0-301F-11D3-BF4B-00C04F79EFBC}") = "Unity.2D.Tilemap.Extras", "Unity.2D.Tilemap.Extras.csproj", "{2D4C10FD-DDCF-D183-231C-6B6BA0F49FD4}"
EndProject
Project("{FAE04EC0-301F-11D3-BF4B-00C04F79EFBC}") = "Unity.InternalAPIEngineBridge.001", "Unity.InternalAPIEngineBridge.001.csproj", "{A1C2773B-13CE-663F-757C-3A9EEC8622F3}"
EndProject
Project("{FAE04EC0-301F-11D3-BF4B-00C04F79EFBC}") = "NavMeshComponents", "NavMeshComponents.csproj", "{C2B4F28E-4BE1-70EE-7C44-3BA507B9D51F}"
EndProject
Project("{FAE04EC0-301F-11D3-BF4B-00C04F79EFBC}") = "Unity.PlasticSCM.Editor", "Unity.PlasticSCM.Editor.csproj", "{DF1FF1E1-08C5-A1C6-24B4-614CED89FB93}"
EndProject
Project("{FAE04EC0-301F-11D3-BF4B-00C04F79EFBC}") = "Unity.VisualScripting.Core.Editor", "Unity.VisualScripting.Core.Editor.csproj", "{AB10A419-BBEC-8AA7-7ACC-145F09253520}"
EndProject
Project("{FAE04EC0-301F-11D3-BF4B-00C04F79EFBC}") = "Unity.VisualScripting.Flow.Editor", "Unity.VisualScripting.Flow.Editor.csproj", "{5ED511A2-1CBA-7323-829E-E2C2807B5398}"
EndProject
Project("{FAE04EC0-301F-11D3-BF4B-00C04F79EFBC}") = "Unity.2D.Aseprite.Editor", "Unity.2D.Aseprite.Editor.csproj", "{69BB48DA-9EEE-C9BC-D93C-16DA878E71EB}"
EndProject
Project("{FAE04EC0-301F-11D3-BF4B-00C04F79EFBC}") = "Unity.VisualStudio.Editor", "Unity.VisualStudio.Editor.csproj", "{48338A5C-F381-6D9B-F3E3-9F62BC2AFDBD}"
EndProject
Project("{FAE04EC0-301F-11D3-BF4B-00C04F79EFBC}") = "Unity.Timeline.Editor", "Unity.Timeline.Editor.csproj", "{1423375E-05DD-32B9-A3B4-1E42E6077B84}"
EndProject
Project("{FAE04EC0-301F-11D3-BF4B-00C04F79EFBC}") = "Unity.Burst.CodeGen", "Unity.Burst.CodeGen.csproj", "{6792212A-BCA5-18CB-D07F-9A808319EE99}"
EndProject
Project("{FAE04EC0-301F-11D3-BF4B-00C04F79EFBC}") = "Unity.VisualScripting.State.Editor", "Unity.VisualScripting.State.Editor.csproj", "{C295285D-55C7-DB44-7F93-2277ED0DB92E}"
EndProject
Project("{FAE04EC0-301F-11D3-BF4B-00C04F79EFBC}") = "Unity.TextMeshPro.Editor", "Unity.TextMeshPro.Editor.csproj", "{E79EB65A-F091-C634-D3D2-E982A797BC41}"
EndProject
Project("{FAE04EC0-301F-11D3-BF4B-00C04F79EFBC}") = "Unity.Burst.Editor", "Unity.Burst.Editor.csproj", "{151CA819-2DEA-931F-BAB0-7A48A56DC5C4}"
EndProject
Project("{FAE04EC0-301F-11D3-BF4B-00C04F79EFBC}") = "Unity.2D.PixelPerfect.Editor", "Unity.2D.PixelPerfect.Editor.csproj", "{7DE5A7CF-FF6D-CEF4-35A2-49739573CBEF}"
EndProject
Project("{FAE04EC0-301F-11D3-BF4B-00C04F79EFBC}") = "Unity.2D.Animation.Editor", "Unity.2D.Animation.Editor.csproj", "{EDDA5D6B-BD03-6FFD-B939-D55DBA955C03}"
EndProject
Project("{FAE04EC0-301F-11D3-BF4B-00C04F79EFBC}") = "Unity.VisualScripting.SettingsProvider.Editor", "Unity.VisualScripting.SettingsProvider.Editor.csproj", "{009EDEB3-22B6-F0EC-E587-F4C9CE78724D}"
EndProject
Project("{FAE04EC0-301F-11D3-BF4B-00C04F79EFBC}") = "Unity.2D.Psdimporter.Editor", "Unity.2D.Psdimporter.Editor.csproj", "{02368449-4AF4-B9EF-0DBE-A043FB69E0DD}"
EndProject
Project("{FAE04EC0-301F-11D3-BF4B-00C04F79EFBC}") = "UnityEditor.TestRunner", "UnityEditor.TestRunner.csproj", "{0F23FB70-55EC-16DB-2138-75DE760909DD}"
EndProject
Project("{FAE04EC0-301F-11D3-BF4B-00C04F79EFBC}") = "Unity.2D.Tilemap.Editor", "Unity.2D.Tilemap.Editor.csproj", "{FE7E9963-8073-CF3C-DA65-53C2B162C43C}"
EndProject
Project("{FAE04EC0-301F-11D3-BF4B-00C04F79EFBC}") = "Unity.Rider.Editor", "Unity.Rider.Editor.csproj", "{83BF3C21-6EB1-E0DA-31E9-F41DE04ED185}"
EndProject
Project("{FAE04EC0-301F-11D3-BF4B-00C04F79EFBC}") = "Unity.2D.Path.Editor", "Unity.2D.Path.Editor.csproj", "{DC3BC368-50AD-09A5-7B81-D1B58F822231}"
EndProject
Project("{FAE04EC0-301F-11D3-BF4B-00C04F79EFBC}") = "FungusEditor", "FungusEditor.csproj", "{6E55067D-1712-BACF-3468-FCD12C620F98}"
EndProject
Project("{FAE04EC0-301F-11D3-BF4B-00C04F79EFBC}") = "Fungus.FungusLuaJSONCheckerEditor", "Fungus.FungusLuaJSONCheckerEditor.csproj", "{9CA1D100-010C-35FB-2D3D-7B54CB00BA4D}"
EndProject
Project("{FAE04EC0-301F-11D3-BF4B-00C04F79EFBC}") = "PsdPlugin", "PsdPlugin.csproj", "{92CFC6A8-BA57-F0F8-9094-F7B85914A680}"
EndProject
Project("{FAE04EC0-301F-11D3-BF4B-00C04F79EFBC}") = "Unity.2D.IK.Editor", "Unity.2D.IK.Editor.csproj", "{8F2069CB-056A-C5F7-5272-F7AFEDAEDD26}"
EndProject
Project("{FAE04EC0-301F-11D3-BF4B-00C04F79EFBC}") = "Unity.2D.SpriteShape.Editor", "Unity.2D.SpriteShape.Editor.csproj", "{E65A0AD6-5254-5421-E579-2A403F77E274}"
EndProject
Project("{FAE04EC0-301F-11D3-BF4B-00C04F79EFBC}") = "Unity.VSCode.Editor", "Unity.VSCode.Editor.csproj", "{97DD2080-CC49-CCC0-33D4-672CD5CB8796}"
EndProject
Project("{FAE04EC0-301F-11D3-BF4B-00C04F79EFBC}") = "Unity.2D.Sprite.Editor", "Unity.2D.Sprite.Editor.csproj", "{8CC36156-C66A-1A88-E997-9A171D598F71}"
EndProject
Project("{FAE04EC0-301F-11D3-BF4B-00C04F79EFBC}") = "UnityEditor.UI", "UnityEditor.UI.csproj", "{2073FE58-7474-60D4-FAA7-F2FC9DC152DF}"
EndProject
Project("{FAE04EC0-301F-11D3-BF4B-00C04F79EFBC}") = "Unity.2D.Common.Editor", "Unity.2D.Common.Editor.csproj", "{78CE0F32-728C-29A3-AF94-916D1F86F461}"
EndProject
Project("{FAE04EC0-301F-11D3-BF4B-00C04F79EFBC}") = "Fungus.FungusLuaEditor", "Fungus.FungusLuaEditor.csproj", "{30F64DB9-B3F3-4729-87D9-87C97C931BE9}"
EndProject
Project("{FAE04EC0-301F-11D3-BF4B-00C04F79EFBC}") = "Unity.CollabProxy.Editor", "Unity.CollabProxy.Editor.csproj", "{D2D1E02C-B5F0-682B-12F9-D61FE6DB321E}"
EndProject
Project("{FAE04EC0-301F-11D3-BF4B-00C04F79EFBC}") = "Unity.Mathematics.Editor", "Unity.Mathematics.Editor.csproj", "{31C8ED4E-3AC7-7406-368E-17BE35C66611}"
EndProject
Project("{FAE04EC0-301F-11D3-BF4B-00C04F79EFBC}") = "Unity.InternalAPIEditorBridge.005", "Unity.InternalAPIEditorBridge.005.csproj", "{AAE66FDF-A908-D30A-3E72-A3E5B61CC879}"
EndProject
Project("{FAE04EC0-301F-11D3-BF4B-00C04F79EFBC}") = "Unity.2D.Tilemap.Extras.Editor", "Unity.2D.Tilemap.Extras.Editor.csproj", "{41E59951-0FCC-D11B-E51C-6720CC7E4BAF}"
EndProject
Project("{FAE04EC0-301F-11D3-BF4B-00C04F79EFBC}") = "NavMeshPlusEditor", "NavMeshPlusEditor.csproj", "{99DD80F3-A948-CABE-71CA-F534804FD1D7}"
EndProject
Project("{FAE04EC0-301F-11D3-BF4B-00C04F79EFBC}") = "Unity.InternalAPIEditorBridge.001", "Unity.InternalAPIEditorBridge.001.csproj", "{A77EA98F-0B26-5B94-E07D-78EFF87B5F4D}"
EndProject
Project("{FAE04EC0-301F-11D3-BF4B-00C04F79EFBC}") = "NavMeshComponentsTestsEditmode", "NavMeshComponentsTestsEditmode.csproj", "{1DAC37C7-D5D0-472F-6B3D-6DB331EB5619}"
EndProject
Project("{FAE04EC0-301F-11D3-BF4B-00C04F79EFBC}") = "Unity.VisualScripting.Shared.Editor", "Unity.VisualScripting.Shared.Editor.csproj", "{1ED46122-3C72-044E-BC11-6EF7E59D81A4}"
EndProject
Project("{FAE04EC0-301F-11D3-BF4B-00C04F79EFBC}") = "Unity.2D.Aseprite.Common", "Unity.2D.Aseprite.Common.csproj", "{72D49FB1-9FF4-39E4-3808-0DB6FD7767A3}"
EndProject
Project("{FAE04EC0-301F-11D3-BF4B-00C04F79EFBC}") = "Fungus.UsfxrEditor", "Fungus.UsfxrEditor.csproj", "{85C4AA69-119D-F724-9D1E-C3791179F302}"
EndProject
Project("{FAE04EC0-301F-11D3-BF4B-00C04F79EFBC}") = "NavMeshComponentsEditor", "NavMeshComponentsEditor.csproj", "{18E1D15A-A702-52AF-CDDF-F5C438E9C117}"
EndProject
Project("{FAE04EC0-301F-11D3-BF4B-00C04F79EFBC}") = "Fungus.LineEndingsEditor", "Fungus.LineEndingsEditor.csproj", "{728752F7-BB4A-F498-DEF7-BC6709BCF377}"
EndProject
Project("{FAE04EC0-301F-11D3-BF4B-00C04F79EFBC}") = "NavMeshComponentsExamplesEditor", "NavMeshComponentsExamplesEditor.csproj", "{EBAC0B48-AFC3-F763-7188-5D918F49ABDB}"
EndProject
Project("{FAE04EC0-301F-11D3-BF4B-00C04F79EFBC}") = "UnityEngine.UI", "UnityEngine.UI.Player.csproj", "{16688114-483B-D73F-CA73-9D9A04E5A65D}"
EndProject
Project("{FAE04EC0-301F-11D3-BF4B-00C04F79EFBC}") = "Fungus", "Fungus.Player.csproj", "{03D3A813-A71C-6334-28B4-CF7117FAA5F8}"
EndProject
Project("{FAE04EC0-301F-11D3-BF4B-00C04F79EFBC}") = "UnityEngine.TestRunner", "UnityEngine.TestRunner.Player.csproj", "{ED0B8605-0967-27B5-6DB0-1F3D12EBCB06}"
EndProject
Project("{FAE04EC0-301F-11D3-BF4B-00C04F79EFBC}") = "Unity.VisualScripting.Flow", "Unity.VisualScripting.Flow.Player.csproj", "{028032CF-0B90-5851-8E1A-9395E2882A55}"
EndProject
Project("{FAE04EC0-301F-11D3-BF4B-00C04F79EFBC}") = "Unity.Mathematics", "Unity.Mathematics.Player.csproj", "{2A444640-C463-E59E-714E-C362FBA7BB64}"
EndProject
Project("{FAE04EC0-301F-11D3-BF4B-00C04F79EFBC}") = "Unity.VisualScripting.State", "Unity.VisualScripting.State.Player.csproj", "{4ECCF562-831D-05AB-7E4D-D54B51971EAE}"
EndProject
Project("{FAE04EC0-301F-11D3-BF4B-00C04F79EFBC}") = "Unity.VisualScripting.Core", "Unity.VisualScripting.Core.Player.csproj", "{689D5E45-4CEF-BE1D-9878-DF2AEC8FD9CC}"
EndProject
Project("{FAE04EC0-301F-11D3-BF4B-00C04F79EFBC}") = "Unity.2D.Animation.Runtime", "Unity.2D.Animation.Runtime.Player.csproj", "{410221CA-A95D-0D34-88AB-08FE781668CA}"
EndProject
Project("{FAE04EC0-301F-11D3-BF4B-00C04F79EFBC}") = "Unity.TextMeshPro", "Unity.TextMeshPro.Player.csproj", "{C7544E13-DC44-39FE-7743-33F624BA3A85}"
EndProject
Project("{FAE04EC0-301F-11D3-BF4B-00C04F79EFBC}") = "NavMeshComponentsTestsPlaymode", "NavMeshComponentsTestsPlaymode.Player.csproj", "{5A575113-DC9B-F5D3-BDE2-331AE678EAFD}"
EndProject
Project("{FAE04EC0-301F-11D3-BF4B-00C04F79EFBC}") = "Unity.Timeline", "Unity.Timeline.Player.csproj", "{8B355CA6-AF07-DD2F-C930-65D818206A88}"
EndProject
Project("{FAE04EC0-301F-11D3-BF4B-00C04F79EFBC}") = "NavMeshPlus", "NavMeshPlus.Player.csproj", "{E4D97955-1B39-60B4-74FD-2AFE6167286D}"
EndProject
Project("{FAE04EC0-301F-11D3-BF4B-00C04F79EFBC}") = "Unity.Burst", "Unity.Burst.Player.csproj", "{A961521D-922B-7790-3E93-DAC2273C7F4E}"
EndProject
Project("{FAE04EC0-301F-11D3-BF4B-00C04F79EFBC}") = "Unity.2D.SpriteShape.Runtime", "Unity.2D.SpriteShape.Runtime.Player.csproj", "{46E92BAF-3132-2D83-448E-82192ED2B9B8}"
EndProject
Project("{FAE04EC0-301F-11D3-BF4B-00C04F79EFBC}") = "FungusExamples", "FungusExamples.Player.csproj", "{2F6B88F5-769A-F9E3-CA57-7D689000E5C3}"
EndProject
Project("{FAE04EC0-301F-11D3-BF4B-00C04F79EFBC}") = "NavMeshComponentsExamples", "NavMeshComponentsExamples.Player.csproj", "{C6AA616C-A3C7-4FDC-A65B-8C6AE6F6BC9F}"
EndProject
Project("{FAE04EC0-301F-11D3-BF4B-00C04F79EFBC}") = "Unity.2D.PixelPerfect", "Unity.2D.PixelPerfect.Player.csproj", "{C159B260-FE47-6BBB-9335-F7F26EC9DA9C}"
EndProject
Project("{FAE04EC0-301F-11D3-BF4B-00C04F79EFBC}") = "Unity.2D.Common.Runtime", "Unity.2D.Common.Runtime.Player.csproj", "{BA13944D-A9A4-BED7-97C5-CA9A29D1C955}"
EndProject
Project("{FAE04EC0-301F-11D3-BF4B-00C04F79EFBC}") = "Unity.2D.IK.Runtime", "Unity.2D.IK.Runtime.Player.csproj", "{92F0587F-8C4D-1A68-BF85-553F4C613A31}"
EndProject
Project("{FAE04EC0-301F-11D3-BF4B-00C04F79EFBC}") = "Unity.2D.Tilemap.Extras", "Unity.2D.Tilemap.Extras.Player.csproj", "{9A328582-1D58-156B-3E98-891D6FFC0CEB}"
EndProject
Project("{FAE04EC0-301F-11D3-BF4B-00C04F79EFBC}") = "Unity.InternalAPIEngineBridge.001", "Unity.InternalAPIEngineBridge.001.Player.csproj", "{1C48381D-8FFC-6619-FDE7-C35B429A5E32}"
EndProject
Project("{FAE04EC0-301F-11D3-BF4B-00C04F79EFBC}") = "NavMeshComponents", "NavMeshComponents.Player.csproj", "{DA7AF9C6-5AC9-214C-9B68-F5C244B4F90C}"
EndProject
Global
	GlobalSection(SolutionConfigurationPlatforms) = preSolution
		Debug|Any CPU = Debug|Any CPU
		Release|Any CPU = Release|Any CPU
	EndGlobalSection
	GlobalSection(ProjectConfigurationPlatforms) = postSolution
		{82928A6D-1D7B-C525-AD54-7225EABFE3AF}.Debug|Any CPU.ActiveCfg = Debug|Any CPU
		{82928A6D-1D7B-C525-AD54-7225EABFE3AF}.Debug|Any CPU.Build.0 = Debug|Any CPU
		{82928A6D-1D7B-C525-AD54-7225EABFE3AF}.Release|Any CPU.ActiveCfg = Release|Any CPU
		{82928A6D-1D7B-C525-AD54-7225EABFE3AF}.Release|Any CPU.Build.0 = Release|Any CPU
		{F1DD1F79-4776-8DD7-47C8-81458AE606A7}.Debug|Any CPU.ActiveCfg = Debug|Any CPU
		{F1DD1F79-4776-8DD7-47C8-81458AE606A7}.Debug|Any CPU.Build.0 = Debug|Any CPU
		{F1DD1F79-4776-8DD7-47C8-81458AE606A7}.Release|Any CPU.ActiveCfg = Release|Any CPU
		{F1DD1F79-4776-8DD7-47C8-81458AE606A7}.Release|Any CPU.Build.0 = Release|Any CPU
		{45A99669-C780-3E46-7E8F-572689080DFB}.Debug|Any CPU.ActiveCfg = Debug|Any CPU
		{45A99669-C780-3E46-7E8F-572689080DFB}.Debug|Any CPU.Build.0 = Debug|Any CPU
		{45A99669-C780-3E46-7E8F-572689080DFB}.Release|Any CPU.ActiveCfg = Release|Any CPU
		{45A99669-C780-3E46-7E8F-572689080DFB}.Release|Any CPU.Build.0 = Release|Any CPU
		{386E0336-1638-3905-6AE7-DAF74A1D65BF}.Debug|Any CPU.ActiveCfg = Debug|Any CPU
		{386E0336-1638-3905-6AE7-DAF74A1D65BF}.Debug|Any CPU.Build.0 = Debug|Any CPU
		{386E0336-1638-3905-6AE7-DAF74A1D65BF}.Release|Any CPU.ActiveCfg = Release|Any CPU
		{386E0336-1638-3905-6AE7-DAF74A1D65BF}.Release|Any CPU.Build.0 = Release|Any CPU
		{828A5AF9-26AC-B9B5-599A-4FA82D424349}.Debug|Any CPU.ActiveCfg = Debug|Any CPU
		{828A5AF9-26AC-B9B5-599A-4FA82D424349}.Debug|Any CPU.Build.0 = Debug|Any CPU
		{828A5AF9-26AC-B9B5-599A-4FA82D424349}.Release|Any CPU.ActiveCfg = Release|Any CPU
		{828A5AF9-26AC-B9B5-599A-4FA82D424349}.Release|Any CPU.Build.0 = Release|Any CPU
		{632B0995-6DEF-D68F-5F48-E94A13824A83}.Debug|Any CPU.ActiveCfg = Debug|Any CPU
		{632B0995-6DEF-D68F-5F48-E94A13824A83}.Debug|Any CPU.Build.0 = Debug|Any CPU
		{632B0995-6DEF-D68F-5F48-E94A13824A83}.Release|Any CPU.ActiveCfg = Release|Any CPU
		{632B0995-6DEF-D68F-5F48-E94A13824A83}.Release|Any CPU.Build.0 = Release|Any CPU
		{5285EC19-BD99-CE82-52BC-94C844A514A2}.Debug|Any CPU.ActiveCfg = Debug|Any CPU
		{5285EC19-BD99-CE82-52BC-94C844A514A2}.Debug|Any CPU.Build.0 = Debug|Any CPU
		{5285EC19-BD99-CE82-52BC-94C844A514A2}.Release|Any CPU.ActiveCfg = Release|Any CPU
		{5285EC19-BD99-CE82-52BC-94C844A514A2}.Release|Any CPU.Build.0 = Release|Any CPU
		{3F3F1141-36F9-434C-3639-A1CAADF01EFA}.Debug|Any CPU.ActiveCfg = Debug|Any CPU
		{3F3F1141-36F9-434C-3639-A1CAADF01EFA}.Debug|Any CPU.Build.0 = Debug|Any CPU
		{3F3F1141-36F9-434C-3639-A1CAADF01EFA}.Release|Any CPU.ActiveCfg = Release|Any CPU
		{3F3F1141-36F9-434C-3639-A1CAADF01EFA}.Release|Any CPU.Build.0 = Release|Any CPU
		{BC5AA071-BA95-3434-A2EC-B6087FD31DC3}.Debug|Any CPU.ActiveCfg = Debug|Any CPU
		{BC5AA071-BA95-3434-A2EC-B6087FD31DC3}.Debug|Any CPU.Build.0 = Debug|Any CPU
		{BC5AA071-BA95-3434-A2EC-B6087FD31DC3}.Release|Any CPU.ActiveCfg = Release|Any CPU
		{BC5AA071-BA95-3434-A2EC-B6087FD31DC3}.Release|Any CPU.Build.0 = Release|Any CPU
		{A2F9F851-9A69-9AC3-04D8-1E7CC000A0B3}.Debug|Any CPU.ActiveCfg = Debug|Any CPU
		{A2F9F851-9A69-9AC3-04D8-1E7CC000A0B3}.Debug|Any CPU.Build.0 = Debug|Any CPU
		{A2F9F851-9A69-9AC3-04D8-1E7CC000A0B3}.Release|Any CPU.ActiveCfg = Release|Any CPU
		{A2F9F851-9A69-9AC3-04D8-1E7CC000A0B3}.Release|Any CPU.Build.0 = Release|Any CPU
		{B4C64479-6D65-0292-72DB-412C5BEE76F8}.Debug|Any CPU.ActiveCfg = Debug|Any CPU
		{B4C64479-6D65-0292-72DB-412C5BEE76F8}.Debug|Any CPU.Build.0 = Debug|Any CPU
		{B4C64479-6D65-0292-72DB-412C5BEE76F8}.Release|Any CPU.ActiveCfg = Release|Any CPU
		{B4C64479-6D65-0292-72DB-412C5BEE76F8}.Release|Any CPU.Build.0 = Release|Any CPU
		{4EAA8B51-EB6A-16E8-84CA-35250F349958}.Debug|Any CPU.ActiveCfg = Debug|Any CPU
		{4EAA8B51-EB6A-16E8-84CA-35250F349958}.Debug|Any CPU.Build.0 = Debug|Any CPU
		{4EAA8B51-EB6A-16E8-84CA-35250F349958}.Release|Any CPU.ActiveCfg = Release|Any CPU
		{4EAA8B51-EB6A-16E8-84CA-35250F349958}.Release|Any CPU.Build.0 = Release|Any CPU
		{240EEE82-2358-92FD-53A1-E7ACD4D33576}.Debug|Any CPU.ActiveCfg = Debug|Any CPU
		{240EEE82-2358-92FD-53A1-E7ACD4D33576}.Debug|Any CPU.Build.0 = Debug|Any CPU
		{240EEE82-2358-92FD-53A1-E7ACD4D33576}.Release|Any CPU.ActiveCfg = Release|Any CPU
		{240EEE82-2358-92FD-53A1-E7ACD4D33576}.Release|Any CPU.Build.0 = Release|Any CPU
		{F2E6C816-AC5C-FED0-96FE-03AAC2759273}.Debug|Any CPU.ActiveCfg = Debug|Any CPU
		{F2E6C816-AC5C-FED0-96FE-03AAC2759273}.Debug|Any CPU.Build.0 = Debug|Any CPU
		{F2E6C816-AC5C-FED0-96FE-03AAC2759273}.Release|Any CPU.ActiveCfg = Release|Any CPU
		{F2E6C816-AC5C-FED0-96FE-03AAC2759273}.Release|Any CPU.Build.0 = Release|Any CPU
		{BB32E46B-D2AE-2DD5-ECE7-6585CD2013EF}.Debug|Any CPU.ActiveCfg = Debug|Any CPU
		{BB32E46B-D2AE-2DD5-ECE7-6585CD2013EF}.Debug|Any CPU.Build.0 = Debug|Any CPU
		{BB32E46B-D2AE-2DD5-ECE7-6585CD2013EF}.Release|Any CPU.ActiveCfg = Release|Any CPU
		{BB32E46B-D2AE-2DD5-ECE7-6585CD2013EF}.Release|Any CPU.Build.0 = Release|Any CPU
		{7455B639-9BAC-D7F6-454D-89E63C47E0F4}.Debug|Any CPU.ActiveCfg = Debug|Any CPU
		{7455B639-9BAC-D7F6-454D-89E63C47E0F4}.Debug|Any CPU.Build.0 = Debug|Any CPU
		{7455B639-9BAC-D7F6-454D-89E63C47E0F4}.Release|Any CPU.ActiveCfg = Release|Any CPU
		{7455B639-9BAC-D7F6-454D-89E63C47E0F4}.Release|Any CPU.Build.0 = Release|Any CPU
		{0B2A598A-3A84-23FC-961C-0C95F7FFE572}.Debug|Any CPU.ActiveCfg = Debug|Any CPU
		{0B2A598A-3A84-23FC-961C-0C95F7FFE572}.Debug|Any CPU.Build.0 = Debug|Any CPU
		{0B2A598A-3A84-23FC-961C-0C95F7FFE572}.Release|Any CPU.ActiveCfg = Release|Any CPU
		{0B2A598A-3A84-23FC-961C-0C95F7FFE572}.Release|Any CPU.Build.0 = Release|Any CPU
		{8C736590-4B5F-19DD-6580-BEB457119049}.Debug|Any CPU.ActiveCfg = Debug|Any CPU
		{8C736590-4B5F-19DD-6580-BEB457119049}.Debug|Any CPU.Build.0 = Debug|Any CPU
		{8C736590-4B5F-19DD-6580-BEB457119049}.Release|Any CPU.ActiveCfg = Release|Any CPU
		{8C736590-4B5F-19DD-6580-BEB457119049}.Release|Any CPU.Build.0 = Release|Any CPU
		{7C1CF713-D06F-A2D3-C683-DFA5C71B126C}.Debug|Any CPU.ActiveCfg = Debug|Any CPU
		{7C1CF713-D06F-A2D3-C683-DFA5C71B126C}.Debug|Any CPU.Build.0 = Debug|Any CPU
		{7C1CF713-D06F-A2D3-C683-DFA5C71B126C}.Release|Any CPU.ActiveCfg = Release|Any CPU
		{7C1CF713-D06F-A2D3-C683-DFA5C71B126C}.Release|Any CPU.Build.0 = Release|Any CPU
		{2D4C10FD-DDCF-D183-231C-6B6BA0F49FD4}.Debug|Any CPU.ActiveCfg = Debug|Any CPU
		{2D4C10FD-DDCF-D183-231C-6B6BA0F49FD4}.Debug|Any CPU.Build.0 = Debug|Any CPU
		{2D4C10FD-DDCF-D183-231C-6B6BA0F49FD4}.Release|Any CPU.ActiveCfg = Release|Any CPU
		{2D4C10FD-DDCF-D183-231C-6B6BA0F49FD4}.Release|Any CPU.Build.0 = Release|Any CPU
		{A1C2773B-13CE-663F-757C-3A9EEC8622F3}.Debug|Any CPU.ActiveCfg = Debug|Any CPU
		{A1C2773B-13CE-663F-757C-3A9EEC8622F3}.Debug|Any CPU.Build.0 = Debug|Any CPU
		{A1C2773B-13CE-663F-757C-3A9EEC8622F3}.Release|Any CPU.ActiveCfg = Release|Any CPU
		{A1C2773B-13CE-663F-757C-3A9EEC8622F3}.Release|Any CPU.Build.0 = Release|Any CPU
		{C2B4F28E-4BE1-70EE-7C44-3BA507B9D51F}.Debug|Any CPU.ActiveCfg = Debug|Any CPU
		{C2B4F28E-4BE1-70EE-7C44-3BA507B9D51F}.Debug|Any CPU.Build.0 = Debug|Any CPU
		{C2B4F28E-4BE1-70EE-7C44-3BA507B9D51F}.Release|Any CPU.ActiveCfg = Release|Any CPU
		{C2B4F28E-4BE1-70EE-7C44-3BA507B9D51F}.Release|Any CPU.Build.0 = Release|Any CPU
		{DF1FF1E1-08C5-A1C6-24B4-614CED89FB93}.Debug|Any CPU.ActiveCfg = Debug|Any CPU
		{DF1FF1E1-08C5-A1C6-24B4-614CED89FB93}.Debug|Any CPU.Build.0 = Debug|Any CPU
		{DF1FF1E1-08C5-A1C6-24B4-614CED89FB93}.Release|Any CPU.ActiveCfg = Release|Any CPU
		{DF1FF1E1-08C5-A1C6-24B4-614CED89FB93}.Release|Any CPU.Build.0 = Release|Any CPU
		{AB10A419-BBEC-8AA7-7ACC-145F09253520}.Debug|Any CPU.ActiveCfg = Debug|Any CPU
		{AB10A419-BBEC-8AA7-7ACC-145F09253520}.Debug|Any CPU.Build.0 = Debug|Any CPU
		{AB10A419-BBEC-8AA7-7ACC-145F09253520}.Release|Any CPU.ActiveCfg = Release|Any CPU
		{AB10A419-BBEC-8AA7-7ACC-145F09253520}.Release|Any CPU.Build.0 = Release|Any CPU
		{5ED511A2-1CBA-7323-829E-E2C2807B5398}.Debug|Any CPU.ActiveCfg = Debug|Any CPU
		{5ED511A2-1CBA-7323-829E-E2C2807B5398}.Debug|Any CPU.Build.0 = Debug|Any CPU
		{5ED511A2-1CBA-7323-829E-E2C2807B5398}.Release|Any CPU.ActiveCfg = Release|Any CPU
		{5ED511A2-1CBA-7323-829E-E2C2807B5398}.Release|Any CPU.Build.0 = Release|Any CPU
		{69BB48DA-9EEE-C9BC-D93C-16DA878E71EB}.Debug|Any CPU.ActiveCfg = Debug|Any CPU
		{69BB48DA-9EEE-C9BC-D93C-16DA878E71EB}.Debug|Any CPU.Build.0 = Debug|Any CPU
		{69BB48DA-9EEE-C9BC-D93C-16DA878E71EB}.Release|Any CPU.ActiveCfg = Release|Any CPU
		{69BB48DA-9EEE-C9BC-D93C-16DA878E71EB}.Release|Any CPU.Build.0 = Release|Any CPU
		{48338A5C-F381-6D9B-F3E3-9F62BC2AFDBD}.Debug|Any CPU.ActiveCfg = Debug|Any CPU
		{48338A5C-F381-6D9B-F3E3-9F62BC2AFDBD}.Debug|Any CPU.Build.0 = Debug|Any CPU
		{48338A5C-F381-6D9B-F3E3-9F62BC2AFDBD}.Release|Any CPU.ActiveCfg = Release|Any CPU
		{48338A5C-F381-6D9B-F3E3-9F62BC2AFDBD}.Release|Any CPU.Build.0 = Release|Any CPU
		{1423375E-05DD-32B9-A3B4-1E42E6077B84}.Debug|Any CPU.ActiveCfg = Debug|Any CPU
		{1423375E-05DD-32B9-A3B4-1E42E6077B84}.Debug|Any CPU.Build.0 = Debug|Any CPU
		{1423375E-05DD-32B9-A3B4-1E42E6077B84}.Release|Any CPU.ActiveCfg = Release|Any CPU
		{1423375E-05DD-32B9-A3B4-1E42E6077B84}.Release|Any CPU.Build.0 = Release|Any CPU
		{6792212A-BCA5-18CB-D07F-9A808319EE99}.Debug|Any CPU.ActiveCfg = Debug|Any CPU
		{6792212A-BCA5-18CB-D07F-9A808319EE99}.Debug|Any CPU.Build.0 = Debug|Any CPU
		{6792212A-BCA5-18CB-D07F-9A808319EE99}.Release|Any CPU.ActiveCfg = Release|Any CPU
		{6792212A-BCA5-18CB-D07F-9A808319EE99}.Release|Any CPU.Build.0 = Release|Any CPU
		{C295285D-55C7-DB44-7F93-2277ED0DB92E}.Debug|Any CPU.ActiveCfg = Debug|Any CPU
		{C295285D-55C7-DB44-7F93-2277ED0DB92E}.Debug|Any CPU.Build.0 = Debug|Any CPU
		{C295285D-55C7-DB44-7F93-2277ED0DB92E}.Release|Any CPU.ActiveCfg = Release|Any CPU
		{C295285D-55C7-DB44-7F93-2277ED0DB92E}.Release|Any CPU.Build.0 = Release|Any CPU
		{E79EB65A-F091-C634-D3D2-E982A797BC41}.Debug|Any CPU.ActiveCfg = Debug|Any CPU
		{E79EB65A-F091-C634-D3D2-E982A797BC41}.Debug|Any CPU.Build.0 = Debug|Any CPU
		{E79EB65A-F091-C634-D3D2-E982A797BC41}.Release|Any CPU.ActiveCfg = Release|Any CPU
		{E79EB65A-F091-C634-D3D2-E982A797BC41}.Release|Any CPU.Build.0 = Release|Any CPU
		{151CA819-2DEA-931F-BAB0-7A48A56DC5C4}.Debug|Any CPU.ActiveCfg = Debug|Any CPU
		{151CA819-2DEA-931F-BAB0-7A48A56DC5C4}.Debug|Any CPU.Build.0 = Debug|Any CPU
		{151CA819-2DEA-931F-BAB0-7A48A56DC5C4}.Release|Any CPU.ActiveCfg = Release|Any CPU
		{151CA819-2DEA-931F-BAB0-7A48A56DC5C4}.Release|Any CPU.Build.0 = Release|Any CPU
		{7DE5A7CF-FF6D-CEF4-35A2-49739573CBEF}.Debug|Any CPU.ActiveCfg = Debug|Any CPU
		{7DE5A7CF-FF6D-CEF4-35A2-49739573CBEF}.Debug|Any CPU.Build.0 = Debug|Any CPU
		{7DE5A7CF-FF6D-CEF4-35A2-49739573CBEF}.Release|Any CPU.ActiveCfg = Release|Any CPU
		{7DE5A7CF-FF6D-CEF4-35A2-49739573CBEF}.Release|Any CPU.Build.0 = Release|Any CPU
		{EDDA5D6B-BD03-6FFD-B939-D55DBA955C03}.Debug|Any CPU.ActiveCfg = Debug|Any CPU
		{EDDA5D6B-BD03-6FFD-B939-D55DBA955C03}.Debug|Any CPU.Build.0 = Debug|Any CPU
		{EDDA5D6B-BD03-6FFD-B939-D55DBA955C03}.Release|Any CPU.ActiveCfg = Release|Any CPU
		{EDDA5D6B-BD03-6FFD-B939-D55DBA955C03}.Release|Any CPU.Build.0 = Release|Any CPU
		{009EDEB3-22B6-F0EC-E587-F4C9CE78724D}.Debug|Any CPU.ActiveCfg = Debug|Any CPU
		{009EDEB3-22B6-F0EC-E587-F4C9CE78724D}.Debug|Any CPU.Build.0 = Debug|Any CPU
		{009EDEB3-22B6-F0EC-E587-F4C9CE78724D}.Release|Any CPU.ActiveCfg = Release|Any CPU
		{009EDEB3-22B6-F0EC-E587-F4C9CE78724D}.Release|Any CPU.Build.0 = Release|Any CPU
		{02368449-4AF4-B9EF-0DBE-A043FB69E0DD}.Debug|Any CPU.ActiveCfg = Debug|Any CPU
		{02368449-4AF4-B9EF-0DBE-A043FB69E0DD}.Debug|Any CPU.Build.0 = Debug|Any CPU
		{02368449-4AF4-B9EF-0DBE-A043FB69E0DD}.Release|Any CPU.ActiveCfg = Release|Any CPU
		{02368449-4AF4-B9EF-0DBE-A043FB69E0DD}.Release|Any CPU.Build.0 = Release|Any CPU
		{0F23FB70-55EC-16DB-2138-75DE760909DD}.Debug|Any CPU.ActiveCfg = Debug|Any CPU
		{0F23FB70-55EC-16DB-2138-75DE760909DD}.Debug|Any CPU.Build.0 = Debug|Any CPU
		{0F23FB70-55EC-16DB-2138-75DE760909DD}.Release|Any CPU.ActiveCfg = Release|Any CPU
		{0F23FB70-55EC-16DB-2138-75DE760909DD}.Release|Any CPU.Build.0 = Release|Any CPU
		{FE7E9963-8073-CF3C-DA65-53C2B162C43C}.Debug|Any CPU.ActiveCfg = Debug|Any CPU
		{FE7E9963-8073-CF3C-DA65-53C2B162C43C}.Debug|Any CPU.Build.0 = Debug|Any CPU
		{FE7E9963-8073-CF3C-DA65-53C2B162C43C}.Release|Any CPU.ActiveCfg = Release|Any CPU
		{FE7E9963-8073-CF3C-DA65-53C2B162C43C}.Release|Any CPU.Build.0 = Release|Any CPU
		{83BF3C21-6EB1-E0DA-31E9-F41DE04ED185}.Debug|Any CPU.ActiveCfg = Debug|Any CPU
		{83BF3C21-6EB1-E0DA-31E9-F41DE04ED185}.Debug|Any CPU.Build.0 = Debug|Any CPU
		{83BF3C21-6EB1-E0DA-31E9-F41DE04ED185}.Release|Any CPU.ActiveCfg = Release|Any CPU
		{83BF3C21-6EB1-E0DA-31E9-F41DE04ED185}.Release|Any CPU.Build.0 = Release|Any CPU
		{DC3BC368-50AD-09A5-7B81-D1B58F822231}.Debug|Any CPU.ActiveCfg = Debug|Any CPU
		{DC3BC368-50AD-09A5-7B81-D1B58F822231}.Debug|Any CPU.Build.0 = Debug|Any CPU
		{DC3BC368-50AD-09A5-7B81-D1B58F822231}.Release|Any CPU.ActiveCfg = Release|Any CPU
		{DC3BC368-50AD-09A5-7B81-D1B58F822231}.Release|Any CPU.Build.0 = Release|Any CPU
		{6E55067D-1712-BACF-3468-FCD12C620F98}.Debug|Any CPU.ActiveCfg = Debug|Any CPU
		{6E55067D-1712-BACF-3468-FCD12C620F98}.Debug|Any CPU.Build.0 = Debug|Any CPU
		{6E55067D-1712-BACF-3468-FCD12C620F98}.Release|Any CPU.ActiveCfg = Release|Any CPU
		{6E55067D-1712-BACF-3468-FCD12C620F98}.Release|Any CPU.Build.0 = Release|Any CPU
		{9CA1D100-010C-35FB-2D3D-7B54CB00BA4D}.Debug|Any CPU.ActiveCfg = Debug|Any CPU
		{9CA1D100-010C-35FB-2D3D-7B54CB00BA4D}.Debug|Any CPU.Build.0 = Debug|Any CPU
		{9CA1D100-010C-35FB-2D3D-7B54CB00BA4D}.Release|Any CPU.ActiveCfg = Release|Any CPU
		{9CA1D100-010C-35FB-2D3D-7B54CB00BA4D}.Release|Any CPU.Build.0 = Release|Any CPU
		{92CFC6A8-BA57-F0F8-9094-F7B85914A680}.Debug|Any CPU.ActiveCfg = Debug|Any CPU
		{92CFC6A8-BA57-F0F8-9094-F7B85914A680}.Debug|Any CPU.Build.0 = Debug|Any CPU
		{92CFC6A8-BA57-F0F8-9094-F7B85914A680}.Release|Any CPU.ActiveCfg = Release|Any CPU
		{92CFC6A8-BA57-F0F8-9094-F7B85914A680}.Release|Any CPU.Build.0 = Release|Any CPU
		{8F2069CB-056A-C5F7-5272-F7AFEDAEDD26}.Debug|Any CPU.ActiveCfg = Debug|Any CPU
		{8F2069CB-056A-C5F7-5272-F7AFEDAEDD26}.Debug|Any CPU.Build.0 = Debug|Any CPU
		{8F2069CB-056A-C5F7-5272-F7AFEDAEDD26}.Release|Any CPU.ActiveCfg = Release|Any CPU
		{8F2069CB-056A-C5F7-5272-F7AFEDAEDD26}.Release|Any CPU.Build.0 = Release|Any CPU
		{E65A0AD6-5254-5421-E579-2A403F77E274}.Debug|Any CPU.ActiveCfg = Debug|Any CPU
		{E65A0AD6-5254-5421-E579-2A403F77E274}.Debug|Any CPU.Build.0 = Debug|Any CPU
		{E65A0AD6-5254-5421-E579-2A403F77E274}.Release|Any CPU.ActiveCfg = Release|Any CPU
		{E65A0AD6-5254-5421-E579-2A403F77E274}.Release|Any CPU.Build.0 = Release|Any CPU
		{97DD2080-CC49-CCC0-33D4-672CD5CB8796}.Debug|Any CPU.ActiveCfg = Debug|Any CPU
		{97DD2080-CC49-CCC0-33D4-672CD5CB8796}.Debug|Any CPU.Build.0 = Debug|Any CPU
		{97DD2080-CC49-CCC0-33D4-672CD5CB8796}.Release|Any CPU.ActiveCfg = Release|Any CPU
		{97DD2080-CC49-CCC0-33D4-672CD5CB8796}.Release|Any CPU.Build.0 = Release|Any CPU
		{8CC36156-C66A-1A88-E997-9A171D598F71}.Debug|Any CPU.ActiveCfg = Debug|Any CPU
		{8CC36156-C66A-1A88-E997-9A171D598F71}.Debug|Any CPU.Build.0 = Debug|Any CPU
		{8CC36156-C66A-1A88-E997-9A171D598F71}.Release|Any CPU.ActiveCfg = Release|Any CPU
		{8CC36156-C66A-1A88-E997-9A171D598F71}.Release|Any CPU.Build.0 = Release|Any CPU
		{2073FE58-7474-60D4-FAA7-F2FC9DC152DF}.Debug|Any CPU.ActiveCfg = Debug|Any CPU
		{2073FE58-7474-60D4-FAA7-F2FC9DC152DF}.Debug|Any CPU.Build.0 = Debug|Any CPU
		{2073FE58-7474-60D4-FAA7-F2FC9DC152DF}.Release|Any CPU.ActiveCfg = Release|Any CPU
		{2073FE58-7474-60D4-FAA7-F2FC9DC152DF}.Release|Any CPU.Build.0 = Release|Any CPU
		{78CE0F32-728C-29A3-AF94-916D1F86F461}.Debug|Any CPU.ActiveCfg = Debug|Any CPU
		{78CE0F32-728C-29A3-AF94-916D1F86F461}.Debug|Any CPU.Build.0 = Debug|Any CPU
		{78CE0F32-728C-29A3-AF94-916D1F86F461}.Release|Any CPU.ActiveCfg = Release|Any CPU
		{78CE0F32-728C-29A3-AF94-916D1F86F461}.Release|Any CPU.Build.0 = Release|Any CPU
		{30F64DB9-B3F3-4729-87D9-87C97C931BE9}.Debug|Any CPU.ActiveCfg = Debug|Any CPU
		{30F64DB9-B3F3-4729-87D9-87C97C931BE9}.Debug|Any CPU.Build.0 = Debug|Any CPU
		{30F64DB9-B3F3-4729-87D9-87C97C931BE9}.Release|Any CPU.ActiveCfg = Release|Any CPU
		{30F64DB9-B3F3-4729-87D9-87C97C931BE9}.Release|Any CPU.Build.0 = Release|Any CPU
		{D2D1E02C-B5F0-682B-12F9-D61FE6DB321E}.Debug|Any CPU.ActiveCfg = Debug|Any CPU
		{D2D1E02C-B5F0-682B-12F9-D61FE6DB321E}.Debug|Any CPU.Build.0 = Debug|Any CPU
		{D2D1E02C-B5F0-682B-12F9-D61FE6DB321E}.Release|Any CPU.ActiveCfg = Release|Any CPU
		{D2D1E02C-B5F0-682B-12F9-D61FE6DB321E}.Release|Any CPU.Build.0 = Release|Any CPU
		{31C8ED4E-3AC7-7406-368E-17BE35C66611}.Debug|Any CPU.ActiveCfg = Debug|Any CPU
		{31C8ED4E-3AC7-7406-368E-17BE35C66611}.Debug|Any CPU.Build.0 = Debug|Any CPU
		{31C8ED4E-3AC7-7406-368E-17BE35C66611}.Release|Any CPU.ActiveCfg = Release|Any CPU
		{31C8ED4E-3AC7-7406-368E-17BE35C66611}.Release|Any CPU.Build.0 = Release|Any CPU
		{AAE66FDF-A908-D30A-3E72-A3E5B61CC879}.Debug|Any CPU.ActiveCfg = Debug|Any CPU
		{AAE66FDF-A908-D30A-3E72-A3E5B61CC879}.Debug|Any CPU.Build.0 = Debug|Any CPU
		{AAE66FDF-A908-D30A-3E72-A3E5B61CC879}.Release|Any CPU.ActiveCfg = Release|Any CPU
		{AAE66FDF-A908-D30A-3E72-A3E5B61CC879}.Release|Any CPU.Build.0 = Release|Any CPU
		{41E59951-0FCC-D11B-E51C-6720CC7E4BAF}.Debug|Any CPU.ActiveCfg = Debug|Any CPU
		{41E59951-0FCC-D11B-E51C-6720CC7E4BAF}.Debug|Any CPU.Build.0 = Debug|Any CPU
		{41E59951-0FCC-D11B-E51C-6720CC7E4BAF}.Release|Any CPU.ActiveCfg = Release|Any CPU
		{41E59951-0FCC-D11B-E51C-6720CC7E4BAF}.Release|Any CPU.Build.0 = Release|Any CPU
		{99DD80F3-A948-CABE-71CA-F534804FD1D7}.Debug|Any CPU.ActiveCfg = Debug|Any CPU
		{99DD80F3-A948-CABE-71CA-F534804FD1D7}.Debug|Any CPU.Build.0 = Debug|Any CPU
		{99DD80F3-A948-CABE-71CA-F534804FD1D7}.Release|Any CPU.ActiveCfg = Release|Any CPU
		{99DD80F3-A948-CABE-71CA-F534804FD1D7}.Release|Any CPU.Build.0 = Release|Any CPU
		{A77EA98F-0B26-5B94-E07D-78EFF87B5F4D}.Debug|Any CPU.ActiveCfg = Debug|Any CPU
		{A77EA98F-0B26-5B94-E07D-78EFF87B5F4D}.Debug|Any CPU.Build.0 = Debug|Any CPU
		{A77EA98F-0B26-5B94-E07D-78EFF87B5F4D}.Release|Any CPU.ActiveCfg = Release|Any CPU
		{A77EA98F-0B26-5B94-E07D-78EFF87B5F4D}.Release|Any CPU.Build.0 = Release|Any CPU
		{1DAC37C7-D5D0-472F-6B3D-6DB331EB5619}.Debug|Any CPU.ActiveCfg = Debug|Any CPU
		{1DAC37C7-D5D0-472F-6B3D-6DB331EB5619}.Debug|Any CPU.Build.0 = Debug|Any CPU
		{1DAC37C7-D5D0-472F-6B3D-6DB331EB5619}.Release|Any CPU.ActiveCfg = Release|Any CPU
		{1DAC37C7-D5D0-472F-6B3D-6DB331EB5619}.Release|Any CPU.Build.0 = Release|Any CPU
		{1ED46122-3C72-044E-BC11-6EF7E59D81A4}.Debug|Any CPU.ActiveCfg = Debug|Any CPU
		{1ED46122-3C72-044E-BC11-6EF7E59D81A4}.Debug|Any CPU.Build.0 = Debug|Any CPU
		{1ED46122-3C72-044E-BC11-6EF7E59D81A4}.Release|Any CPU.ActiveCfg = Release|Any CPU
		{1ED46122-3C72-044E-BC11-6EF7E59D81A4}.Release|Any CPU.Build.0 = Release|Any CPU
		{72D49FB1-9FF4-39E4-3808-0DB6FD7767A3}.Debug|Any CPU.ActiveCfg = Debug|Any CPU
		{72D49FB1-9FF4-39E4-3808-0DB6FD7767A3}.Debug|Any CPU.Build.0 = Debug|Any CPU
		{72D49FB1-9FF4-39E4-3808-0DB6FD7767A3}.Release|Any CPU.ActiveCfg = Release|Any CPU
		{72D49FB1-9FF4-39E4-3808-0DB6FD7767A3}.Release|Any CPU.Build.0 = Release|Any CPU
		{85C4AA69-119D-F724-9D1E-C3791179F302}.Debug|Any CPU.ActiveCfg = Debug|Any CPU
		{85C4AA69-119D-F724-9D1E-C3791179F302}.Debug|Any CPU.Build.0 = Debug|Any CPU
		{85C4AA69-119D-F724-9D1E-C3791179F302}.Release|Any CPU.ActiveCfg = Release|Any CPU
		{85C4AA69-119D-F724-9D1E-C3791179F302}.Release|Any CPU.Build.0 = Release|Any CPU
		{18E1D15A-A702-52AF-CDDF-F5C438E9C117}.Debug|Any CPU.ActiveCfg = Debug|Any CPU
		{18E1D15A-A702-52AF-CDDF-F5C438E9C117}.Debug|Any CPU.Build.0 = Debug|Any CPU
		{18E1D15A-A702-52AF-CDDF-F5C438E9C117}.Release|Any CPU.ActiveCfg = Release|Any CPU
		{18E1D15A-A702-52AF-CDDF-F5C438E9C117}.Release|Any CPU.Build.0 = Release|Any CPU
		{728752F7-BB4A-F498-DEF7-BC6709BCF377}.Debug|Any CPU.ActiveCfg = Debug|Any CPU
		{728752F7-BB4A-F498-DEF7-BC6709BCF377}.Debug|Any CPU.Build.0 = Debug|Any CPU
		{728752F7-BB4A-F498-DEF7-BC6709BCF377}.Release|Any CPU.ActiveCfg = Release|Any CPU
		{728752F7-BB4A-F498-DEF7-BC6709BCF377}.Release|Any CPU.Build.0 = Release|Any CPU
		{EBAC0B48-AFC3-F763-7188-5D918F49ABDB}.Debug|Any CPU.ActiveCfg = Debug|Any CPU
		{EBAC0B48-AFC3-F763-7188-5D918F49ABDB}.Debug|Any CPU.Build.0 = Debug|Any CPU
		{EBAC0B48-AFC3-F763-7188-5D918F49ABDB}.Release|Any CPU.ActiveCfg = Release|Any CPU
		{EBAC0B48-AFC3-F763-7188-5D918F49ABDB}.Release|Any CPU.Build.0 = Release|Any CPU
		{16688114-483B-D73F-CA73-9D9A04E5A65D}.Debug|Any CPU.ActiveCfg = Debug|Any CPU
		{16688114-483B-D73F-CA73-9D9A04E5A65D}.Debug|Any CPU.Build.0 = Debug|Any CPU
		{16688114-483B-D73F-CA73-9D9A04E5A65D}.Release|Any CPU.ActiveCfg = Release|Any CPU
		{16688114-483B-D73F-CA73-9D9A04E5A65D}.Release|Any CPU.Build.0 = Release|Any CPU
		{03D3A813-A71C-6334-28B4-CF7117FAA5F8}.Debug|Any CPU.ActiveCfg = Debug|Any CPU
		{03D3A813-A71C-6334-28B4-CF7117FAA5F8}.Debug|Any CPU.Build.0 = Debug|Any CPU
		{03D3A813-A71C-6334-28B4-CF7117FAA5F8}.Release|Any CPU.ActiveCfg = Release|Any CPU
		{03D3A813-A71C-6334-28B4-CF7117FAA5F8}.Release|Any CPU.Build.0 = Release|Any CPU
		{ED0B8605-0967-27B5-6DB0-1F3D12EBCB06}.Debug|Any CPU.ActiveCfg = Debug|Any CPU
		{ED0B8605-0967-27B5-6DB0-1F3D12EBCB06}.Debug|Any CPU.Build.0 = Debug|Any CPU
		{ED0B8605-0967-27B5-6DB0-1F3D12EBCB06}.Release|Any CPU.ActiveCfg = Release|Any CPU
		{ED0B8605-0967-27B5-6DB0-1F3D12EBCB06}.Release|Any CPU.Build.0 = Release|Any CPU
		{028032CF-0B90-5851-8E1A-9395E2882A55}.Debug|Any CPU.ActiveCfg = Debug|Any CPU
		{028032CF-0B90-5851-8E1A-9395E2882A55}.Debug|Any CPU.Build.0 = Debug|Any CPU
		{028032CF-0B90-5851-8E1A-9395E2882A55}.Release|Any CPU.ActiveCfg = Release|Any CPU
		{028032CF-0B90-5851-8E1A-9395E2882A55}.Release|Any CPU.Build.0 = Release|Any CPU
		{2A444640-C463-E59E-714E-C362FBA7BB64}.Debug|Any CPU.ActiveCfg = Debug|Any CPU
		{2A444640-C463-E59E-714E-C362FBA7BB64}.Debug|Any CPU.Build.0 = Debug|Any CPU
		{2A444640-C463-E59E-714E-C362FBA7BB64}.Release|Any CPU.ActiveCfg = Release|Any CPU
		{2A444640-C463-E59E-714E-C362FBA7BB64}.Release|Any CPU.Build.0 = Release|Any CPU
		{4ECCF562-831D-05AB-7E4D-D54B51971EAE}.Debug|Any CPU.ActiveCfg = Debug|Any CPU
		{4ECCF562-831D-05AB-7E4D-D54B51971EAE}.Debug|Any CPU.Build.0 = Debug|Any CPU
		{4ECCF562-831D-05AB-7E4D-D54B51971EAE}.Release|Any CPU.ActiveCfg = Release|Any CPU
		{4ECCF562-831D-05AB-7E4D-D54B51971EAE}.Release|Any CPU.Build.0 = Release|Any CPU
		{689D5E45-4CEF-BE1D-9878-DF2AEC8FD9CC}.Debug|Any CPU.ActiveCfg = Debug|Any CPU
		{689D5E45-4CEF-BE1D-9878-DF2AEC8FD9CC}.Debug|Any CPU.Build.0 = Debug|Any CPU
		{689D5E45-4CEF-BE1D-9878-DF2AEC8FD9CC}.Release|Any CPU.ActiveCfg = Release|Any CPU
		{689D5E45-4CEF-BE1D-9878-DF2AEC8FD9CC}.Release|Any CPU.Build.0 = Release|Any CPU
		{410221CA-A95D-0D34-88AB-08FE781668CA}.Debug|Any CPU.ActiveCfg = Debug|Any CPU
		{410221CA-A95D-0D34-88AB-08FE781668CA}.Debug|Any CPU.Build.0 = Debug|Any CPU
		{410221CA-A95D-0D34-88AB-08FE781668CA}.Release|Any CPU.ActiveCfg = Release|Any CPU
		{410221CA-A95D-0D34-88AB-08FE781668CA}.Release|Any CPU.Build.0 = Release|Any CPU
		{C7544E13-DC44-39FE-7743-33F624BA3A85}.Debug|Any CPU.ActiveCfg = Debug|Any CPU
		{C7544E13-DC44-39FE-7743-33F624BA3A85}.Debug|Any CPU.Build.0 = Debug|Any CPU
		{C7544E13-DC44-39FE-7743-33F624BA3A85}.Release|Any CPU.ActiveCfg = Release|Any CPU
		{C7544E13-DC44-39FE-7743-33F624BA3A85}.Release|Any CPU.Build.0 = Release|Any CPU
		{5A575113-DC9B-F5D3-BDE2-331AE678EAFD}.Debug|Any CPU.ActiveCfg = Debug|Any CPU
		{5A575113-DC9B-F5D3-BDE2-331AE678EAFD}.Debug|Any CPU.Build.0 = Debug|Any CPU
		{5A575113-DC9B-F5D3-BDE2-331AE678EAFD}.Release|Any CPU.ActiveCfg = Release|Any CPU
		{5A575113-DC9B-F5D3-BDE2-331AE678EAFD}.Release|Any CPU.Build.0 = Release|Any CPU
		{8B355CA6-AF07-DD2F-C930-65D818206A88}.Debug|Any CPU.ActiveCfg = Debug|Any CPU
		{8B355CA6-AF07-DD2F-C930-65D818206A88}.Debug|Any CPU.Build.0 = Debug|Any CPU
		{8B355CA6-AF07-DD2F-C930-65D818206A88}.Release|Any CPU.ActiveCfg = Release|Any CPU
		{8B355CA6-AF07-DD2F-C930-65D818206A88}.Release|Any CPU.Build.0 = Release|Any CPU
		{E4D97955-1B39-60B4-74FD-2AFE6167286D}.Debug|Any CPU.ActiveCfg = Debug|Any CPU
		{E4D97955-1B39-60B4-74FD-2AFE6167286D}.Debug|Any CPU.Build.0 = Debug|Any CPU
		{E4D97955-1B39-60B4-74FD-2AFE6167286D}.Release|Any CPU.ActiveCfg = Release|Any CPU
		{E4D97955-1B39-60B4-74FD-2AFE6167286D}.Release|Any CPU.Build.0 = Release|Any CPU
		{A961521D-922B-7790-3E93-DAC2273C7F4E}.Debug|Any CPU.ActiveCfg = Debug|Any CPU
		{A961521D-922B-7790-3E93-DAC2273C7F4E}.Debug|Any CPU.Build.0 = Debug|Any CPU
		{A961521D-922B-7790-3E93-DAC2273C7F4E}.Release|Any CPU.ActiveCfg = Release|Any CPU
		{A961521D-922B-7790-3E93-DAC2273C7F4E}.Release|Any CPU.Build.0 = Release|Any CPU
		{46E92BAF-3132-2D83-448E-82192ED2B9B8}.Debug|Any CPU.ActiveCfg = Debug|Any CPU
		{46E92BAF-3132-2D83-448E-82192ED2B9B8}.Debug|Any CPU.Build.0 = Debug|Any CPU
		{46E92BAF-3132-2D83-448E-82192ED2B9B8}.Release|Any CPU.ActiveCfg = Release|Any CPU
		{46E92BAF-3132-2D83-448E-82192ED2B9B8}.Release|Any CPU.Build.0 = Release|Any CPU
		{2F6B88F5-769A-F9E3-CA57-7D689000E5C3}.Debug|Any CPU.ActiveCfg = Debug|Any CPU
		{2F6B88F5-769A-F9E3-CA57-7D689000E5C3}.Debug|Any CPU.Build.0 = Debug|Any CPU
		{2F6B88F5-769A-F9E3-CA57-7D689000E5C3}.Release|Any CPU.ActiveCfg = Release|Any CPU
		{2F6B88F5-769A-F9E3-CA57-7D689000E5C3}.Release|Any CPU.Build.0 = Release|Any CPU
		{C6AA616C-A3C7-4FDC-A65B-8C6AE6F6BC9F}.Debug|Any CPU.ActiveCfg = Debug|Any CPU
		{C6AA616C-A3C7-4FDC-A65B-8C6AE6F6BC9F}.Debug|Any CPU.Build.0 = Debug|Any CPU
		{C6AA616C-A3C7-4FDC-A65B-8C6AE6F6BC9F}.Release|Any CPU.ActiveCfg = Release|Any CPU
		{C6AA616C-A3C7-4FDC-A65B-8C6AE6F6BC9F}.Release|Any CPU.Build.0 = Release|Any CPU
		{C159B260-FE47-6BBB-9335-F7F26EC9DA9C}.Debug|Any CPU.ActiveCfg = Debug|Any CPU
		{C159B260-FE47-6BBB-9335-F7F26EC9DA9C}.Debug|Any CPU.Build.0 = Debug|Any CPU
		{C159B260-FE47-6BBB-9335-F7F26EC9DA9C}.Release|Any CPU.ActiveCfg = Release|Any CPU
		{C159B260-FE47-6BBB-9335-F7F26EC9DA9C}.Release|Any CPU.Build.0 = Release|Any CPU
		{BA13944D-A9A4-BED7-97C5-CA9A29D1C955}.Debug|Any CPU.ActiveCfg = Debug|Any CPU
		{BA13944D-A9A4-BED7-97C5-CA9A29D1C955}.Debug|Any CPU.Build.0 = Debug|Any CPU
		{BA13944D-A9A4-BED7-97C5-CA9A29D1C955}.Release|Any CPU.ActiveCfg = Release|Any CPU
		{BA13944D-A9A4-BED7-97C5-CA9A29D1C955}.Release|Any CPU.Build.0 = Release|Any CPU
		{92F0587F-8C4D-1A68-BF85-553F4C613A31}.Debug|Any CPU.ActiveCfg = Debug|Any CPU
		{92F0587F-8C4D-1A68-BF85-553F4C613A31}.Debug|Any CPU.Build.0 = Debug|Any CPU
		{92F0587F-8C4D-1A68-BF85-553F4C613A31}.Release|Any CPU.ActiveCfg = Release|Any CPU
		{92F0587F-8C4D-1A68-BF85-553F4C613A31}.Release|Any CPU.Build.0 = Release|Any CPU
		{9A328582-1D58-156B-3E98-891D6FFC0CEB}.Debug|Any CPU.ActiveCfg = Debug|Any CPU
		{9A328582-1D58-156B-3E98-891D6FFC0CEB}.Debug|Any CPU.Build.0 = Debug|Any CPU
		{9A328582-1D58-156B-3E98-891D6FFC0CEB}.Release|Any CPU.ActiveCfg = Release|Any CPU
		{9A328582-1D58-156B-3E98-891D6FFC0CEB}.Release|Any CPU.Build.0 = Release|Any CPU
		{1C48381D-8FFC-6619-FDE7-C35B429A5E32}.Debug|Any CPU.ActiveCfg = Debug|Any CPU
		{1C48381D-8FFC-6619-FDE7-C35B429A5E32}.Debug|Any CPU.Build.0 = Debug|Any CPU
		{1C48381D-8FFC-6619-FDE7-C35B429A5E32}.Release|Any CPU.ActiveCfg = Release|Any CPU
		{1C48381D-8FFC-6619-FDE7-C35B429A5E32}.Release|Any CPU.Build.0 = Release|Any CPU
		{DA7AF9C6-5AC9-214C-9B68-F5C244B4F90C}.Debug|Any CPU.ActiveCfg = Debug|Any CPU
		{DA7AF9C6-5AC9-214C-9B68-F5C244B4F90C}.Debug|Any CPU.Build.0 = Debug|Any CPU
		{DA7AF9C6-5AC9-214C-9B68-F5C244B4F90C}.Release|Any CPU.ActiveCfg = Release|Any CPU
		{DA7AF9C6-5AC9-214C-9B68-F5C244B4F90C}.Release|Any CPU.Build.0 = Release|Any CPU
	EndGlobalSection
	GlobalSection(SolutionProperties) = preSolution
		HideSolutionNode = FALSE
	EndGlobalSection
EndGlobal
